// !$*UTF8*$!
{
	archiveVersion = 1;
	classes = {
	};
	objectVersion = 46;
	objects = {

/* Begin PBXBuildFile section */
		8033FA9C1CEC9491000948E2 /* AppDelegate.swift in Sources */ = {isa = PBXBuildFile; fileRef = 8033FA9B1CEC9491000948E2 /* AppDelegate.swift */; };
		8033FA9E1CEC9491000948E2 /* ViewController.swift in Sources */ = {isa = PBXBuildFile; fileRef = 8033FA9D1CEC9491000948E2 /* ViewController.swift */; };
		8033FAA11CEC9491000948E2 /* Main.storyboard in Resources */ = {isa = PBXBuildFile; fileRef = 8033FA9F1CEC9491000948E2 /* Main.storyboard */; };
		8033FAA31CEC9491000948E2 /* Assets.xcassets in Resources */ = {isa = PBXBuildFile; fileRef = 8033FAA21CEC9491000948E2 /* Assets.xcassets */; };
		8033FAA61CEC9491000948E2 /* LaunchScreen.storyboard in Resources */ = {isa = PBXBuildFile; fileRef = 8033FAA41CEC9491000948E2 /* LaunchScreen.storyboard */; };
		8033FAB11CEC9491000948E2 /* RetailWorldTests.swift in Sources */ = {isa = PBXBuildFile; fileRef = 8033FAB01CEC9491000948E2 /* RetailWorldTests.swift */; };
		8033FABE1CEC97A2000948E2 /* Launch.png in Resources */ = {isa = PBXBuildFile; fileRef = 8033FABD1CEC97A2000948E2 /* Launch.png */; };
		80B6AFD51CF4237300AE64A0 /* Sign In.png in Resources */ = {isa = PBXBuildFile; fileRef = 80B6AFD41CF4237300AE64A0 /* Sign In.png */; };
		80B6AFD71CF4278C00AE64A0 /* Background.jpg in Resources */ = {isa = PBXBuildFile; fileRef = 80B6AFD61CF4278C00AE64A0 /* Background.jpg */; };
		80B6AFD91CF42B0700AE64A0 /* background1.png in Resources */ = {isa = PBXBuildFile; fileRef = 80B6AFD81CF42B0700AE64A0 /* background1.png */; };
		80B6AFDB1CF42B9800AE64A0 /* background2.png in Resources */ = {isa = PBXBuildFile; fileRef = 80B6AFDA1CF42B9800AE64A0 /* background2.png */; };
		80B6AFDF1CF43B3300AE64A0 /* Register.png in Resources */ = {isa = PBXBuildFile; fileRef = 80B6AFDE1CF43B3300AE64A0 /* Register.png */; };
		80B6AFE11CF43B3B00AE64A0 /* login.png in Resources */ = {isa = PBXBuildFile; fileRef = 80B6AFE01CF43B3B00AE64A0 /* login.png */; };
		80B6AFE31CF445F900AE64A0 /* bg1.jpg in Resources */ = {isa = PBXBuildFile; fileRef = 80B6AFE21CF445F900AE64A0 /* bg1.jpg */; };
		80B6AFE51CF47B6700AE64A0 /* FoodViewController.swift in Sources */ = {isa = PBXBuildFile; fileRef = 80B6AFE41CF47B6700AE64A0 /* FoodViewController.swift */; };
		80B8607F1CED918D000B0C45 /* Framework in Resources */ = {isa = PBXBuildFile; fileRef = 80B8607E1CED918D000B0C45 /* Framework */; };
		80B860811CED9281000B0C45 /* Quickblox.framework in Frameworks */ = {isa = PBXBuildFile; fileRef = 80B860801CED9281000B0C45 /* Quickblox.framework */; };
		80B860831CED9287000B0C45 /* QuickbloxWebRTC.framework in Frameworks */ = {isa = PBXBuildFile; fileRef = 80B860821CED9287000B0C45 /* QuickbloxWebRTC.framework */; };
		80B860871CED9363000B0C45 /* CFNetwork.framework in Frameworks */ = {isa = PBXBuildFile; fileRef = 80B860861CED9363000B0C45 /* CFNetwork.framework */; };
		80B860891CED9375000B0C45 /* SystemConfiguration.framework in Frameworks */ = {isa = PBXBuildFile; fileRef = 80B860881CED9375000B0C45 /* SystemConfiguration.framework */; };
		80B8608B1CED9387000B0C45 /* MobileCoreServices.framework in Frameworks */ = {isa = PBXBuildFile; fileRef = 80B8608A1CED9387000B0C45 /* MobileCoreServices.framework */; };
		80B8608D1CED939A000B0C45 /* CoreGraphics.framework in Frameworks */ = {isa = PBXBuildFile; fileRef = 80B8608C1CED939A000B0C45 /* CoreGraphics.framework */; };
		80B8608F1CED93A3000B0C45 /* CoreLocation.framework in Frameworks */ = {isa = PBXBuildFile; fileRef = 80B8608E1CED93A3000B0C45 /* CoreLocation.framework */; };
		80B860911CED93AC000B0C45 /* CoreData.framework in Frameworks */ = {isa = PBXBuildFile; fileRef = 80B860901CED93AC000B0C45 /* CoreData.framework */; };
		80B860931CED93BA000B0C45 /* AudioToolbox.framework in Frameworks */ = {isa = PBXBuildFile; fileRef = 80B860921CED93BA000B0C45 /* AudioToolbox.framework */; };
		80B860951CED93CD000B0C45 /* CoreMedia.framework in Frameworks */ = {isa = PBXBuildFile; fileRef = 80B860941CED93CD000B0C45 /* CoreMedia.framework */; };
		80B860971CED93D5000B0C45 /* Accelerate.framework in Frameworks */ = {isa = PBXBuildFile; fileRef = 80B860961CED93D5000B0C45 /* Accelerate.framework */; };
		80B860991CED93EE000B0C45 /* CoreVideo.framework in Frameworks */ = {isa = PBXBuildFile; fileRef = 80B860981CED93EE000B0C45 /* CoreVideo.framework */; };
		80B8609B1CED93FC000B0C45 /* AVFoundation.framework in Frameworks */ = {isa = PBXBuildFile; fileRef = 80B8609A1CED93FC000B0C45 /* AVFoundation.framework */; };
		80B8609D1CED9405000B0C45 /* QuartzCore.framework in Frameworks */ = {isa = PBXBuildFile; fileRef = 80B8609C1CED9405000B0C45 /* QuartzCore.framework */; };
		80B8609F1CED9419000B0C45 /* Security.framework in Frameworks */ = {isa = PBXBuildFile; fileRef = 80B8609E1CED9419000B0C45 /* Security.framework */; };
		80B860A11CED9476000B0C45 /* libz.1.1.3.tbd in Frameworks */ = {isa = PBXBuildFile; fileRef = 80B860A01CED9476000B0C45 /* libz.1.1.3.tbd */; };
		80B860A31CED9488000B0C45 /* libresolv.9.tbd in Frameworks */ = {isa = PBXBuildFile; fileRef = 80B860A21CED9488000B0C45 /* libresolv.9.tbd */; };
		80B860A51CED9493000B0C45 /* libxml2.2.tbd in Frameworks */ = {isa = PBXBuildFile; fileRef = 80B860A41CED9493000B0C45 /* libxml2.2.tbd */; };
		80C24E061CEF0D610017E0AD /* VideoToolbox.framework in Frameworks */ = {isa = PBXBuildFile; fileRef = 80C24E051CEF0D610017E0AD /* VideoToolbox.framework */; };
		80C24E081CEF0DA80017E0AD /* GLKit.framework in Frameworks */ = {isa = PBXBuildFile; fileRef = 80C24E071CEF0DA80017E0AD /* GLKit.framework */; };
		80C35D6F1CF6C9F60076398D /* FoodItems.swift in Sources */ = {isa = PBXBuildFile; fileRef = 80C35D6E1CF6C9F60076398D /* FoodItems.swift */; };
		80C35D721CF6D0050076398D /* FoodTableViewCell.swift in Sources */ = {isa = PBXBuildFile; fileRef = 80C35D711CF6D0050076398D /* FoodTableViewCell.swift */; };
		80C69AA81CF58597001EACD5 /* Answers.framework in Frameworks */ = {isa = PBXBuildFile; fileRef = 80C69AA71CF58597001EACD5 /* Answers.framework */; };
		80D575301CF2C3EE00E9AF4E /* LoginViewController.swift in Sources */ = {isa = PBXBuildFile; fileRef = 80D5752F1CF2C3EE00E9AF4E /* LoginViewController.swift */; };
		80D575351CF2D43400E9AF4E /* Bg.png in Resources */ = {isa = PBXBuildFile; fileRef = 80D575341CF2D43400E9AF4E /* Bg.png */; };
		80D5753D1CF2D98E00E9AF4E /* Fabric.framework in Frameworks */ = {isa = PBXBuildFile; fileRef = 80D575391CF2D98E00E9AF4E /* Fabric.framework */; };
		80D5753E1CF2D98E00E9AF4E /* DigitsKit.framework in Frameworks */ = {isa = PBXBuildFile; fileRef = 80D5753A1CF2D98E00E9AF4E /* DigitsKit.framework */; };
		80D5753F1CF2D98E00E9AF4E /* DigitsKitResources.bundle in Resources */ = {isa = PBXBuildFile; fileRef = 80D5753B1CF2D98E00E9AF4E /* DigitsKitResources.bundle */; };
		80D575401CF2D98E00E9AF4E /* TwitterCore.framework in Frameworks */ = {isa = PBXBuildFile; fileRef = 80D5753C1CF2D98E00E9AF4E /* TwitterCore.framework */; };
		80D575421CF2E5E500E9AF4E /* RegisterViewController.swift in Sources */ = {isa = PBXBuildFile; fileRef = 80D575411CF2E5E500E9AF4E /* RegisterViewController.swift */; };
		80D575441CF2FA2A00E9AF4E /* ResetPasswordViewController.swift in Sources */ = {isa = PBXBuildFile; fileRef = 80D575431CF2FA2A00E9AF4E /* ResetPasswordViewController.swift */; };
		80D575461CF3282600E9AF4E /* PasswordReset.png in Resources */ = {isa = PBXBuildFile; fileRef = 80D575451CF3282600E9AF4E /* PasswordReset.png */; };
		80D575481CF3284F00E9AF4E /* ResetMyPasswordBtn.png in Resources */ = {isa = PBXBuildFile; fileRef = 80D575471CF3284F00E9AF4E /* ResetMyPasswordBtn.png */; };
/* End PBXBuildFile section */

/* Begin PBXContainerItemProxy section */
		8033FAAD1CEC9491000948E2 /* PBXContainerItemProxy */ = {
			isa = PBXContainerItemProxy;
			containerPortal = 8033FA901CEC9491000948E2 /* Project object */;
			proxyType = 1;
			remoteGlobalIDString = 8033FA971CEC9491000948E2;
			remoteInfo = RetailWorld;
		};
/* End PBXContainerItemProxy section */

/* Begin PBXFileReference section */
		8033FA981CEC9491000948E2 /* RetailWorld.app */ = {isa = PBXFileReference; explicitFileType = wrapper.application; includeInIndex = 0; path = RetailWorld.app; sourceTree = BUILT_PRODUCTS_DIR; };
		8033FA9B1CEC9491000948E2 /* AppDelegate.swift */ = {isa = PBXFileReference; lastKnownFileType = sourcecode.swift; path = AppDelegate.swift; sourceTree = "<group>"; };
		8033FA9D1CEC9491000948E2 /* ViewController.swift */ = {isa = PBXFileReference; lastKnownFileType = sourcecode.swift; path = ViewController.swift; sourceTree = "<group>"; };
		8033FAA01CEC9491000948E2 /* Base */ = {isa = PBXFileReference; lastKnownFileType = file.storyboard; name = Base; path = Base.lproj/Main.storyboard; sourceTree = "<group>"; };
		8033FAA21CEC9491000948E2 /* Assets.xcassets */ = {isa = PBXFileReference; lastKnownFileType = folder.assetcatalog; path = Assets.xcassets; sourceTree = "<group>"; };
		8033FAA51CEC9491000948E2 /* Base */ = {isa = PBXFileReference; lastKnownFileType = file.storyboard; name = Base; path = Base.lproj/LaunchScreen.storyboard; sourceTree = "<group>"; };
		8033FAA71CEC9491000948E2 /* Info.plist */ = {isa = PBXFileReference; lastKnownFileType = text.plist.xml; path = Info.plist; sourceTree = "<group>"; };
		8033FAAC1CEC9491000948E2 /* RetailWorldTests.xctest */ = {isa = PBXFileReference; explicitFileType = wrapper.cfbundle; includeInIndex = 0; path = RetailWorldTests.xctest; sourceTree = BUILT_PRODUCTS_DIR; };
		8033FAB01CEC9491000948E2 /* RetailWorldTests.swift */ = {isa = PBXFileReference; lastKnownFileType = sourcecode.swift; path = RetailWorldTests.swift; sourceTree = "<group>"; };
		8033FAB21CEC9491000948E2 /* Info.plist */ = {isa = PBXFileReference; lastKnownFileType = text.plist.xml; path = Info.plist; sourceTree = "<group>"; };
		8033FABD1CEC97A2000948E2 /* Launch.png */ = {isa = PBXFileReference; lastKnownFileType = image.png; path = Launch.png; sourceTree = "<group>"; };
		80B6AFD41CF4237300AE64A0 /* Sign In.png */ = {isa = PBXFileReference; lastKnownFileType = image.png; path = "Sign In.png"; sourceTree = "<group>"; };
		80B6AFD61CF4278C00AE64A0 /* Background.jpg */ = {isa = PBXFileReference; lastKnownFileType = image.jpeg; path = Background.jpg; sourceTree = "<group>"; };
		80B6AFD81CF42B0700AE64A0 /* background1.png */ = {isa = PBXFileReference; lastKnownFileType = image.png; path = background1.png; sourceTree = "<group>"; };
		80B6AFDA1CF42B9800AE64A0 /* background2.png */ = {isa = PBXFileReference; lastKnownFileType = image.png; path = background2.png; sourceTree = "<group>"; };
		80B6AFDE1CF43B3300AE64A0 /* Register.png */ = {isa = PBXFileReference; lastKnownFileType = image.png; path = Register.png; sourceTree = "<group>"; };
		80B6AFE01CF43B3B00AE64A0 /* login.png */ = {isa = PBXFileReference; lastKnownFileType = image.png; path = login.png; sourceTree = "<group>"; };
		80B6AFE21CF445F900AE64A0 /* bg1.jpg */ = {isa = PBXFileReference; lastKnownFileType = image.jpeg; path = bg1.jpg; sourceTree = "<group>"; };
		80B6AFE41CF47B6700AE64A0 /* FoodViewController.swift */ = {isa = PBXFileReference; fileEncoding = 4; lastKnownFileType = sourcecode.swift; path = FoodViewController.swift; sourceTree = "<group>"; };
		80B8607E1CED918D000B0C45 /* Framework */ = {isa = PBXFileReference; lastKnownFileType = folder; path = Framework; sourceTree = "<group>"; };
		80B860801CED9281000B0C45 /* Quickblox.framework */ = {isa = PBXFileReference; lastKnownFileType = wrapper.framework; name = Quickblox.framework; path = Framework/Quickblox.framework; sourceTree = "<group>"; };
		80B860821CED9287000B0C45 /* QuickbloxWebRTC.framework */ = {isa = PBXFileReference; lastKnownFileType = wrapper.framework; name = QuickbloxWebRTC.framework; path = Framework/QuickbloxWebRTC.framework; sourceTree = "<group>"; };
		80B860861CED9363000B0C45 /* CFNetwork.framework */ = {isa = PBXFileReference; lastKnownFileType = wrapper.framework; name = CFNetwork.framework; path = System/Library/Frameworks/CFNetwork.framework; sourceTree = SDKROOT; };
		80B860881CED9375000B0C45 /* SystemConfiguration.framework */ = {isa = PBXFileReference; lastKnownFileType = wrapper.framework; name = SystemConfiguration.framework; path = System/Library/Frameworks/SystemConfiguration.framework; sourceTree = SDKROOT; };
		80B8608A1CED9387000B0C45 /* MobileCoreServices.framework */ = {isa = PBXFileReference; lastKnownFileType = wrapper.framework; name = MobileCoreServices.framework; path = System/Library/Frameworks/MobileCoreServices.framework; sourceTree = SDKROOT; };
		80B8608C1CED939A000B0C45 /* CoreGraphics.framework */ = {isa = PBXFileReference; lastKnownFileType = wrapper.framework; name = CoreGraphics.framework; path = System/Library/Frameworks/CoreGraphics.framework; sourceTree = SDKROOT; };
		80B8608E1CED93A3000B0C45 /* CoreLocation.framework */ = {isa = PBXFileReference; lastKnownFileType = wrapper.framework; name = CoreLocation.framework; path = System/Library/Frameworks/CoreLocation.framework; sourceTree = SDKROOT; };
		80B860901CED93AC000B0C45 /* CoreData.framework */ = {isa = PBXFileReference; lastKnownFileType = wrapper.framework; name = CoreData.framework; path = System/Library/Frameworks/CoreData.framework; sourceTree = SDKROOT; };
		80B860921CED93BA000B0C45 /* AudioToolbox.framework */ = {isa = PBXFileReference; lastKnownFileType = wrapper.framework; name = AudioToolbox.framework; path = System/Library/Frameworks/AudioToolbox.framework; sourceTree = SDKROOT; };
		80B860941CED93CD000B0C45 /* CoreMedia.framework */ = {isa = PBXFileReference; lastKnownFileType = wrapper.framework; name = CoreMedia.framework; path = System/Library/Frameworks/CoreMedia.framework; sourceTree = SDKROOT; };
		80B860961CED93D5000B0C45 /* Accelerate.framework */ = {isa = PBXFileReference; lastKnownFileType = wrapper.framework; name = Accelerate.framework; path = System/Library/Frameworks/Accelerate.framework; sourceTree = SDKROOT; };
		80B860981CED93EE000B0C45 /* CoreVideo.framework */ = {isa = PBXFileReference; lastKnownFileType = wrapper.framework; name = CoreVideo.framework; path = System/Library/Frameworks/CoreVideo.framework; sourceTree = SDKROOT; };
		80B8609A1CED93FC000B0C45 /* AVFoundation.framework */ = {isa = PBXFileReference; lastKnownFileType = wrapper.framework; name = AVFoundation.framework; path = System/Library/Frameworks/AVFoundation.framework; sourceTree = SDKROOT; };
		80B8609C1CED9405000B0C45 /* QuartzCore.framework */ = {isa = PBXFileReference; lastKnownFileType = wrapper.framework; name = QuartzCore.framework; path = System/Library/Frameworks/QuartzCore.framework; sourceTree = SDKROOT; };
		80B8609E1CED9419000B0C45 /* Security.framework */ = {isa = PBXFileReference; lastKnownFileType = wrapper.framework; name = Security.framework; path = System/Library/Frameworks/Security.framework; sourceTree = SDKROOT; };
		80B860A01CED9476000B0C45 /* libz.1.1.3.tbd */ = {isa = PBXFileReference; lastKnownFileType = "sourcecode.text-based-dylib-definition"; name = libz.1.1.3.tbd; path = usr/lib/libz.1.1.3.tbd; sourceTree = SDKROOT; };
		80B860A21CED9488000B0C45 /* libresolv.9.tbd */ = {isa = PBXFileReference; lastKnownFileType = "sourcecode.text-based-dylib-definition"; name = libresolv.9.tbd; path = usr/lib/libresolv.9.tbd; sourceTree = SDKROOT; };
		80B860A41CED9493000B0C45 /* libxml2.2.tbd */ = {isa = PBXFileReference; lastKnownFileType = "sourcecode.text-based-dylib-definition"; name = libxml2.2.tbd; path = usr/lib/libxml2.2.tbd; sourceTree = SDKROOT; };
		80C0C5531CED84E900E66086 /* RetailWorld-Bridging-Header.h */ = {isa = PBXFileReference; lastKnownFileType = sourcecode.c.h; path = "RetailWorld-Bridging-Header.h"; sourceTree = "<group>"; };
		80C24E051CEF0D610017E0AD /* VideoToolbox.framework */ = {isa = PBXFileReference; lastKnownFileType = wrapper.framework; name = VideoToolbox.framework; path = System/Library/Frameworks/VideoToolbox.framework; sourceTree = SDKROOT; };
		80C24E071CEF0DA80017E0AD /* GLKit.framework */ = {isa = PBXFileReference; lastKnownFileType = wrapper.framework; name = GLKit.framework; path = System/Library/Frameworks/GLKit.framework; sourceTree = SDKROOT; };
		80C35D6E1CF6C9F60076398D /* FoodItems.swift */ = {isa = PBXFileReference; fileEncoding = 4; lastKnownFileType = sourcecode.swift; path = FoodItems.swift; sourceTree = "<group>"; };
		80C35D711CF6D0050076398D /* FoodTableViewCell.swift */ = {isa = PBXFileReference; fileEncoding = 4; lastKnownFileType = sourcecode.swift; path = FoodTableViewCell.swift; sourceTree = "<group>"; };
		80C69AA71CF58597001EACD5 /* Answers.framework */ = {isa = PBXFileReference; lastKnownFileType = wrapper.framework; path = Answers.framework; sourceTree = SOURCE_ROOT; };
		80D5752F1CF2C3EE00E9AF4E /* LoginViewController.swift */ = {isa = PBXFileReference; fileEncoding = 4; lastKnownFileType = sourcecode.swift; path = LoginViewController.swift; sourceTree = "<group>"; };
		80D575341CF2D43400E9AF4E /* Bg.png */ = {isa = PBXFileReference; lastKnownFileType = image.png; path = Bg.png; sourceTree = "<group>"; };
		80D575391CF2D98E00E9AF4E /* Fabric.framework */ = {isa = PBXFileReference; lastKnownFileType = wrapper.framework; path = Fabric.framework; sourceTree = SOURCE_ROOT; };
		80D5753A1CF2D98E00E9AF4E /* DigitsKit.framework */ = {isa = PBXFileReference; lastKnownFileType = wrapper.framework; path = DigitsKit.framework; sourceTree = SOURCE_ROOT; };
		80D5753B1CF2D98E00E9AF4E /* DigitsKitResources.bundle */ = {isa = PBXFileReference; lastKnownFileType = "wrapper.plug-in"; name = DigitsKitResources.bundle; path = DigitsKit.framework/Versions/A/Resources/DigitsKitResources.bundle; sourceTree = SOURCE_ROOT; };
		80D5753C1CF2D98E00E9AF4E /* TwitterCore.framework */ = {isa = PBXFileReference; lastKnownFileType = wrapper.framework; path = TwitterCore.framework; sourceTree = SOURCE_ROOT; };
		80D575411CF2E5E500E9AF4E /* RegisterViewController.swift */ = {isa = PBXFileReference; fileEncoding = 4; lastKnownFileType = sourcecode.swift; path = RegisterViewController.swift; sourceTree = "<group>"; };
		80D575431CF2FA2A00E9AF4E /* ResetPasswordViewController.swift */ = {isa = PBXFileReference; fileEncoding = 4; lastKnownFileType = sourcecode.swift; path = ResetPasswordViewController.swift; sourceTree = "<group>"; };
		80D575451CF3282600E9AF4E /* PasswordReset.png */ = {isa = PBXFileReference; lastKnownFileType = image.png; path = PasswordReset.png; sourceTree = "<group>"; };
		80D575471CF3284F00E9AF4E /* ResetMyPasswordBtn.png */ = {isa = PBXFileReference; lastKnownFileType = image.png; path = ResetMyPasswordBtn.png; sourceTree = "<group>"; };
/* End PBXFileReference section */

/* Begin PBXFrameworksBuildPhase section */
		8033FA951CEC9491000948E2 /* Frameworks */ = {
			isa = PBXFrameworksBuildPhase;
			buildActionMask = 2147483647;
			files = (
				80C69AA81CF58597001EACD5 /* Answers.framework in Frameworks */,
				80C24E081CEF0DA80017E0AD /* GLKit.framework in Frameworks */,
				80C24E061CEF0D610017E0AD /* VideoToolbox.framework in Frameworks */,
				80B860A51CED9493000B0C45 /* libxml2.2.tbd in Frameworks */,
				80B860A31CED9488000B0C45 /* libresolv.9.tbd in Frameworks */,
				80B860A11CED9476000B0C45 /* libz.1.1.3.tbd in Frameworks */,
				80B8609F1CED9419000B0C45 /* Security.framework in Frameworks */,
				80B8609D1CED9405000B0C45 /* QuartzCore.framework in Frameworks */,
				80B8609B1CED93FC000B0C45 /* AVFoundation.framework in Frameworks */,
				80B860991CED93EE000B0C45 /* CoreVideo.framework in Frameworks */,
				80B860971CED93D5000B0C45 /* Accelerate.framework in Frameworks */,
				80D575401CF2D98E00E9AF4E /* TwitterCore.framework in Frameworks */,
				80B860951CED93CD000B0C45 /* CoreMedia.framework in Frameworks */,
				80B860931CED93BA000B0C45 /* AudioToolbox.framework in Frameworks */,
				80B860911CED93AC000B0C45 /* CoreData.framework in Frameworks */,
				80D5753E1CF2D98E00E9AF4E /* DigitsKit.framework in Frameworks */,
				80B8608F1CED93A3000B0C45 /* CoreLocation.framework in Frameworks */,
				80D5753D1CF2D98E00E9AF4E /* Fabric.framework in Frameworks */,
				80B8608D1CED939A000B0C45 /* CoreGraphics.framework in Frameworks */,
				80B8608B1CED9387000B0C45 /* MobileCoreServices.framework in Frameworks */,
				80B860891CED9375000B0C45 /* SystemConfiguration.framework in Frameworks */,
				80B860871CED9363000B0C45 /* CFNetwork.framework in Frameworks */,
				80B860811CED9281000B0C45 /* Quickblox.framework in Frameworks */,
				80B860831CED9287000B0C45 /* QuickbloxWebRTC.framework in Frameworks */,
			);
			runOnlyForDeploymentPostprocessing = 0;
		};
		8033FAA91CEC9491000948E2 /* Frameworks */ = {
			isa = PBXFrameworksBuildPhase;
			buildActionMask = 2147483647;
			files = (
			);
			runOnlyForDeploymentPostprocessing = 0;
		};
/* End PBXFrameworksBuildPhase section */

/* Begin PBXGroup section */
		8033FA8F1CEC9491000948E2 = {
			isa = PBXGroup;
			children = (
				80C24E071CEF0DA80017E0AD /* GLKit.framework */,
				80C24E051CEF0D610017E0AD /* VideoToolbox.framework */,
				80B860A61CED9DD6000B0C45 /* FrameWorks */,
				8033FA9A1CEC9491000948E2 /* RetailWorld */,
				8033FAAF1CEC9491000948E2 /* RetailWorldTests */,
				8033FA991CEC9491000948E2 /* Products */,
			);
			sourceTree = "<group>";
		};
		8033FA991CEC9491000948E2 /* Products */ = {
			isa = PBXGroup;
			children = (
				8033FA981CEC9491000948E2 /* RetailWorld.app */,
				8033FAAC1CEC9491000948E2 /* RetailWorldTests.xctest */,
			);
			name = Products;
			sourceTree = "<group>";
		};
		8033FA9A1CEC9491000948E2 /* RetailWorld */ = {
			isa = PBXGroup;
			children = (
				80C69AA71CF58597001EACD5 /* Answers.framework */,
				80D575391CF2D98E00E9AF4E /* Fabric.framework */,
				80D5753A1CF2D98E00E9AF4E /* DigitsKit.framework */,
				80D5753B1CF2D98E00E9AF4E /* DigitsKitResources.bundle */,
				80D5753C1CF2D98E00E9AF4E /* TwitterCore.framework */,
				80C35D701CF6CA0D0076398D /* Model */,
				80D575331CF2C5CB00E9AF4E /* image */,
				8033FA9B1CEC9491000948E2 /* AppDelegate.swift */,
				8033FA9D1CEC9491000948E2 /* ViewController.swift */,
				8033FA9F1CEC9491000948E2 /* Main.storyboard */,
				80C35D711CF6D0050076398D /* FoodTableViewCell.swift */,
				80B6AFE41CF47B6700AE64A0 /* FoodViewController.swift */,
				80D575431CF2FA2A00E9AF4E /* ResetPasswordViewController.swift */,
				80D575411CF2E5E500E9AF4E /* RegisterViewController.swift */,
				80D5752F1CF2C3EE00E9AF4E /* LoginViewController.swift */,
				8033FAA21CEC9491000948E2 /* Assets.xcassets */,
				8033FAA41CEC9491000948E2 /* LaunchScreen.storyboard */,
				8033FAA71CEC9491000948E2 /* Info.plist */,
				80C0C5531CED84E900E66086 /* RetailWorld-Bridging-Header.h */,
			);
			path = RetailWorld;
			sourceTree = "<group>";
		};
		8033FAAF1CEC9491000948E2 /* RetailWorldTests */ = {
			isa = PBXGroup;
			children = (
				8033FAB01CEC9491000948E2 /* RetailWorldTests.swift */,
				8033FAB21CEC9491000948E2 /* Info.plist */,
			);
			path = RetailWorldTests;
			sourceTree = "<group>";
		};
		80B8607D1CED90D5000B0C45 /* FrameWorks */ = {
			isa = PBXGroup;
			children = (
				80B8607E1CED918D000B0C45 /* Framework */,
			);
			name = FrameWorks;
			sourceTree = "<group>";
		};
		80B860A61CED9DD6000B0C45 /* FrameWorks */ = {
			isa = PBXGroup;
			children = (
				80B860A41CED9493000B0C45 /* libxml2.2.tbd */,
				80B860A21CED9488000B0C45 /* libresolv.9.tbd */,
				80B860A01CED9476000B0C45 /* libz.1.1.3.tbd */,
				80B8609E1CED9419000B0C45 /* Security.framework */,
				80B8609C1CED9405000B0C45 /* QuartzCore.framework */,
				80B8609A1CED93FC000B0C45 /* AVFoundation.framework */,
				80B860981CED93EE000B0C45 /* CoreVideo.framework */,
				80B860961CED93D5000B0C45 /* Accelerate.framework */,
				80B860941CED93CD000B0C45 /* CoreMedia.framework */,
				80B860921CED93BA000B0C45 /* AudioToolbox.framework */,
				80B860901CED93AC000B0C45 /* CoreData.framework */,
				80B8608E1CED93A3000B0C45 /* CoreLocation.framework */,
				80B8608C1CED939A000B0C45 /* CoreGraphics.framework */,
				80B8608A1CED9387000B0C45 /* MobileCoreServices.framework */,
				80B860881CED9375000B0C45 /* SystemConfiguration.framework */,
				80B860861CED9363000B0C45 /* CFNetwork.framework */,
				80B860821CED9287000B0C45 /* QuickbloxWebRTC.framework */,
				80B860801CED9281000B0C45 /* Quickblox.framework */,
				80B8607D1CED90D5000B0C45 /* FrameWorks */,
			);
			name = FrameWorks;
			sourceTree = "<group>";
		};
		80C35D701CF6CA0D0076398D /* Model */ = {
			isa = PBXGroup;
			children = (
				80C35D6E1CF6C9F60076398D /* FoodItems.swift */,
			);
			name = Model;
			sourceTree = "<group>";
		};
		80D575331CF2C5CB00E9AF4E /* image */ = {
			isa = PBXGroup;
			children = (
				80B6AFE21CF445F900AE64A0 /* bg1.jpg */,
				80B6AFDE1CF43B3300AE64A0 /* Register.png */,
				80B6AFE01CF43B3B00AE64A0 /* login.png */,
				80B6AFDA1CF42B9800AE64A0 /* background2.png */,
				80B6AFD61CF4278C00AE64A0 /* Background.jpg */,
				80B6AFD81CF42B0700AE64A0 /* background1.png */,
				8033FABD1CEC97A2000948E2 /* Launch.png */,
				80B6AFD41CF4237300AE64A0 /* Sign In.png */,
				80D575451CF3282600E9AF4E /* PasswordReset.png */,
				80D575471CF3284F00E9AF4E /* ResetMyPasswordBtn.png */,
				80D575341CF2D43400E9AF4E /* Bg.png */,
			);
			name = image;
			sourceTree = "<group>";
		};
/* End PBXGroup section */

/* Begin PBXNativeTarget section */
		8033FA971CEC9491000948E2 /* RetailWorld */ = {
			isa = PBXNativeTarget;
			buildConfigurationList = 8033FAB51CEC9491000948E2 /* Build configuration list for PBXNativeTarget "RetailWorld" */;
			buildPhases = (
				8033FA941CEC9491000948E2 /* Sources */,
				8033FA951CEC9491000948E2 /* Frameworks */,
				8033FA961CEC9491000948E2 /* Resources */,
				80D575381CF2D95900E9AF4E /* ShellScript */,
			);
			buildRules = (
			);
			dependencies = (
			);
			name = RetailWorld;
			productName = RetailWorld;
			productReference = 8033FA981CEC9491000948E2 /* RetailWorld.app */;
			productType = "com.apple.product-type.application";
		};
		8033FAAB1CEC9491000948E2 /* RetailWorldTests */ = {
			isa = PBXNativeTarget;
			buildConfigurationList = 8033FAB81CEC9491000948E2 /* Build configuration list for PBXNativeTarget "RetailWorldTests" */;
			buildPhases = (
				8033FAA81CEC9491000948E2 /* Sources */,
				8033FAA91CEC9491000948E2 /* Frameworks */,
				8033FAAA1CEC9491000948E2 /* Resources */,
			);
			buildRules = (
			);
			dependencies = (
				8033FAAE1CEC9491000948E2 /* PBXTargetDependency */,
			);
			name = RetailWorldTests;
			productName = RetailWorldTests;
			productReference = 8033FAAC1CEC9491000948E2 /* RetailWorldTests.xctest */;
			productType = "com.apple.product-type.bundle.unit-test";
		};
/* End PBXNativeTarget section */

/* Begin PBXProject section */
		8033FA901CEC9491000948E2 /* Project object */ = {
			isa = PBXProject;
			attributes = {
				LastSwiftUpdateCheck = 0730;
				LastUpgradeCheck = 0730;
				ORGANIZATIONNAME = "Vineet Kumar Singh";
				TargetAttributes = {
					8033FA971CEC9491000948E2 = {
						CreatedOnToolsVersion = 7.3;
					};
					8033FAAB1CEC9491000948E2 = {
						CreatedOnToolsVersion = 7.3;
						DevelopmentTeam = 44XXETDT6W;
						TestTargetID = 8033FA971CEC9491000948E2;
					};
				};
			};
			buildConfigurationList = 8033FA931CEC9491000948E2 /* Build configuration list for PBXProject "RetailWorld" */;
			compatibilityVersion = "Xcode 3.2";
			developmentRegion = English;
			hasScannedForEncodings = 0;
			knownRegions = (
				en,
				Base,
			);
			mainGroup = 8033FA8F1CEC9491000948E2;
			productRefGroup = 8033FA991CEC9491000948E2 /* Products */;
			projectDirPath = "";
			projectRoot = "";
			targets = (
				8033FA971CEC9491000948E2 /* RetailWorld */,
				8033FAAB1CEC9491000948E2 /* RetailWorldTests */,
			);
		};
/* End PBXProject section */

/* Begin PBXResourcesBuildPhase section */
		8033FA961CEC9491000948E2 /* Resources */ = {
			isa = PBXResourcesBuildPhase;
			buildActionMask = 2147483647;
			files = (
				80B6AFD51CF4237300AE64A0 /* Sign In.png in Resources */,
				80B6AFE31CF445F900AE64A0 /* bg1.jpg in Resources */,
				80B6AFE11CF43B3B00AE64A0 /* login.png in Resources */,
				80B6AFD71CF4278C00AE64A0 /* Background.jpg in Resources */,
				8033FAA61CEC9491000948E2 /* LaunchScreen.storyboard in Resources */,
				80B8607F1CED918D000B0C45 /* Framework in Resources */,
				80D575461CF3282600E9AF4E /* PasswordReset.png in Resources */,
				8033FABE1CEC97A2000948E2 /* Launch.png in Resources */,
				80B6AFDF1CF43B3300AE64A0 /* Register.png in Resources */,
				80D575351CF2D43400E9AF4E /* Bg.png in Resources */,
				80B6AFD91CF42B0700AE64A0 /* background1.png in Resources */,
				80D575481CF3284F00E9AF4E /* ResetMyPasswordBtn.png in Resources */,
				8033FAA31CEC9491000948E2 /* Assets.xcassets in Resources */,
				8033FAA11CEC9491000948E2 /* Main.storyboard in Resources */,
				80D5753F1CF2D98E00E9AF4E /* DigitsKitResources.bundle in Resources */,
				80B6AFDB1CF42B9800AE64A0 /* background2.png in Resources */,
			);
			runOnlyForDeploymentPostprocessing = 0;
		};
		8033FAAA1CEC9491000948E2 /* Resources */ = {
			isa = PBXResourcesBuildPhase;
			buildActionMask = 2147483647;
			files = (
			);
			runOnlyForDeploymentPostprocessing = 0;
		};
/* End PBXResourcesBuildPhase section */

/* Begin PBXShellScriptBuildPhase section */
		80D575381CF2D95900E9AF4E /* ShellScript */ = {
			isa = PBXShellScriptBuildPhase;
			buildActionMask = 2147483647;
			files = (
			);
			inputPaths = (
			);
			outputPaths = (
			);
			runOnlyForDeploymentPostprocessing = 0;
			shellPath = /bin/sh;
			shellScript = "";
		};
/* End PBXShellScriptBuildPhase section */

/* Begin PBXSourcesBuildPhase section */
		8033FA941CEC9491000948E2 /* Sources */ = {
			isa = PBXSourcesBuildPhase;
			buildActionMask = 2147483647;
			files = (
				80D575301CF2C3EE00E9AF4E /* LoginViewController.swift in Sources */,
				8033FA9E1CEC9491000948E2 /* ViewController.swift in Sources */,
				80D575441CF2FA2A00E9AF4E /* ResetPasswordViewController.swift in Sources */,
				8033FA9C1CEC9491000948E2 /* AppDelegate.swift in Sources */,
				80B6AFE51CF47B6700AE64A0 /* FoodViewController.swift in Sources */,
				80C35D721CF6D0050076398D /* FoodTableViewCell.swift in Sources */,
				80C35D6F1CF6C9F60076398D /* FoodItems.swift in Sources */,
				80D575421CF2E5E500E9AF4E /* RegisterViewController.swift in Sources */,
			);
			runOnlyForDeploymentPostprocessing = 0;
		};
		8033FAA81CEC9491000948E2 /* Sources */ = {
			isa = PBXSourcesBuildPhase;
			buildActionMask = 2147483647;
			files = (
				8033FAB11CEC9491000948E2 /* RetailWorldTests.swift in Sources */,
			);
			runOnlyForDeploymentPostprocessing = 0;
		};
/* End PBXSourcesBuildPhase section */

/* Begin PBXTargetDependency section */
		8033FAAE1CEC9491000948E2 /* PBXTargetDependency */ = {
			isa = PBXTargetDependency;
			target = 8033FA971CEC9491000948E2 /* RetailWorld */;
			targetProxy = 8033FAAD1CEC9491000948E2 /* PBXContainerItemProxy */;
		};
/* End PBXTargetDependency section */

/* Begin PBXVariantGroup section */
		8033FA9F1CEC9491000948E2 /* Main.storyboard */ = {
			isa = PBXVariantGroup;
			children = (
				8033FAA01CEC9491000948E2 /* Base */,
			);
			name = Main.storyboard;
			sourceTree = "<group>";
		};
		8033FAA41CEC9491000948E2 /* LaunchScreen.storyboard */ = {
			isa = PBXVariantGroup;
			children = (
				8033FAA51CEC9491000948E2 /* Base */,
			);
			name = LaunchScreen.storyboard;
			sourceTree = "<group>";
		};
/* End PBXVariantGroup section */

/* Begin XCBuildConfiguration section */
		8033FAB31CEC9491000948E2 /* Debug */ = {
			isa = XCBuildConfiguration;
			buildSettings = {
				ALWAYS_SEARCH_USER_PATHS = NO;
				CLANG_ANALYZER_NONNULL = YES;
				CLANG_CXX_LANGUAGE_STANDARD = "gnu++0x";
				CLANG_CXX_LIBRARY = "libc++";
				CLANG_ENABLE_MODULES = YES;
				CLANG_ENABLE_OBJC_ARC = YES;
				CLANG_WARN_BOOL_CONVERSION = YES;
				CLANG_WARN_CONSTANT_CONVERSION = YES;
				CLANG_WARN_DIRECT_OBJC_ISA_USAGE = YES_ERROR;
				CLANG_WARN_EMPTY_BODY = YES;
				CLANG_WARN_ENUM_CONVERSION = YES;
				CLANG_WARN_INT_CONVERSION = YES;
				CLANG_WARN_OBJC_ROOT_CLASS = YES_ERROR;
				CLANG_WARN_UNREACHABLE_CODE = YES;
				CLANG_WARN__DUPLICATE_METHOD_MATCH = YES;
				"CODE_SIGN_IDENTITY[sdk=iphoneos*]" = "iPhone Developer";
				COPY_PHASE_STRIP = NO;
				DEBUG_INFORMATION_FORMAT = dwarf;
				ENABLE_STRICT_OBJC_MSGSEND = YES;
				ENABLE_TESTABILITY = YES;
				GCC_C_LANGUAGE_STANDARD = gnu99;
				GCC_DYNAMIC_NO_PIC = NO;
				GCC_NO_COMMON_BLOCKS = YES;
				GCC_OPTIMIZATION_LEVEL = 0;
				GCC_PREPROCESSOR_DEFINITIONS = (
					"DEBUG=1",
					"$(inherited)",
				);
				GCC_WARN_64_TO_32_BIT_CONVERSION = YES;
				GCC_WARN_ABOUT_RETURN_TYPE = YES_ERROR;
				GCC_WARN_UNDECLARED_SELECTOR = YES;
				GCC_WARN_UNINITIALIZED_AUTOS = YES_AGGRESSIVE;
				GCC_WARN_UNUSED_FUNCTION = YES;
				GCC_WARN_UNUSED_VARIABLE = YES;
				IPHONEOS_DEPLOYMENT_TARGET = 9.3;
				MTL_ENABLE_DEBUG_INFO = YES;
				ONLY_ACTIVE_ARCH = YES;
				SDKROOT = iphoneos;
				SWIFT_OPTIMIZATION_LEVEL = "-Onone";
			};
			name = Debug;
		};
		8033FAB41CEC9491000948E2 /* Release */ = {
			isa = XCBuildConfiguration;
			buildSettings = {
				ALWAYS_SEARCH_USER_PATHS = NO;
				CLANG_ANALYZER_NONNULL = YES;
				CLANG_CXX_LANGUAGE_STANDARD = "gnu++0x";
				CLANG_CXX_LIBRARY = "libc++";
				CLANG_ENABLE_MODULES = YES;
				CLANG_ENABLE_OBJC_ARC = YES;
				CLANG_WARN_BOOL_CONVERSION = YES;
				CLANG_WARN_CONSTANT_CONVERSION = YES;
				CLANG_WARN_DIRECT_OBJC_ISA_USAGE = YES_ERROR;
				CLANG_WARN_EMPTY_BODY = YES;
				CLANG_WARN_ENUM_CONVERSION = YES;
				CLANG_WARN_INT_CONVERSION = YES;
				CLANG_WARN_OBJC_ROOT_CLASS = YES_ERROR;
				CLANG_WARN_UNREACHABLE_CODE = YES;
				CLANG_WARN__DUPLICATE_METHOD_MATCH = YES;
				"CODE_SIGN_IDENTITY[sdk=iphoneos*]" = "iPhone Developer";
				COPY_PHASE_STRIP = NO;
				DEBUG_INFORMATION_FORMAT = "dwarf-with-dsym";
				ENABLE_NS_ASSERTIONS = NO;
				ENABLE_STRICT_OBJC_MSGSEND = YES;
				GCC_C_LANGUAGE_STANDARD = gnu99;
				GCC_NO_COMMON_BLOCKS = YES;
				GCC_WARN_64_TO_32_BIT_CONVERSION = YES;
				GCC_WARN_ABOUT_RETURN_TYPE = YES_ERROR;
				GCC_WARN_UNDECLARED_SELECTOR = YES;
				GCC_WARN_UNINITIALIZED_AUTOS = YES_AGGRESSIVE;
				GCC_WARN_UNUSED_FUNCTION = YES;
				GCC_WARN_UNUSED_VARIABLE = YES;
				IPHONEOS_DEPLOYMENT_TARGET = 9.3;
				MTL_ENABLE_DEBUG_INFO = NO;
				SDKROOT = iphoneos;
				VALIDATE_PRODUCT = YES;
			};
			name = Release;
		};
		8033FAB61CEC9491000948E2 /* Debug */ = {
			isa = XCBuildConfiguration;
			buildSettings = {
				ASSETCATALOG_COMPILER_APPICON_NAME = AppIcon;
				CLANG_ENABLE_MODULES = YES;
				CODE_SIGN_IDENTITY = "iPhone Developer";
				FRAMEWORK_SEARCH_PATHS = (
					"$(inherited)",
					"$(PROJECT_DIR)/RetailWorld/Framework",
					"$(PROJECT_DIR)/Framework",
					"$(PROJECT_DIR)",
				);
				HEADER_SEARCH_PATHS = " /usr/include/libxml2";
				INFOPLIST_FILE = RetailWorld/Info.plist;
				IPHONEOS_DEPLOYMENT_TARGET = 9.3;
				LD_RUNPATH_SEARCH_PATHS = "$(inherited) @executable_path/Frameworks";
				OTHER_LDFLAGS = (
					"-lstdc++",
					"-lxml2",
					"-ObjC",
				);
				PRODUCT_BUNDLE_IDENTIFIER = com.Exilant.RetailWorld;
				PRODUCT_NAME = "$(TARGET_NAME)";
				SWIFT_OBJC_BRIDGING_HEADER = "RetailWorld/RetailWorld-Bridging-Header.h";
				SWIFT_OPTIMIZATION_LEVEL = "-Onone";
				TARGETED_DEVICE_FAMILY = "1,2";
			};
			name = Debug;
		};
		8033FAB71CEC9491000948E2 /* Release */ = {
			isa = XCBuildConfiguration;
			buildSettings = {
				ASSETCATALOG_COMPILER_APPICON_NAME = AppIcon;
				CLANG_ENABLE_MODULES = YES;
				CODE_SIGN_IDENTITY = "iPhone Developer";
				FRAMEWORK_SEARCH_PATHS = (
					"$(inherited)",
					"$(PROJECT_DIR)/RetailWorld/Framework",
					"$(PROJECT_DIR)/Framework",
					"$(PROJECT_DIR)",
				);
				HEADER_SEARCH_PATHS = " /usr/include/libxml2";
				INFOPLIST_FILE = RetailWorld/Info.plist;
				IPHONEOS_DEPLOYMENT_TARGET = 9.3;
				LD_RUNPATH_SEARCH_PATHS = "$(inherited) @executable_path/Frameworks";
				OTHER_LDFLAGS = (
					"-lstdc++",
					"-lxml2",
					"-ObjC",
				);
				PRODUCT_BUNDLE_IDENTIFIER = com.Exilant.RetailWorld;
				PRODUCT_NAME = "$(TARGET_NAME)";
				SWIFT_OBJC_BRIDGING_HEADER = "RetailWorld/RetailWorld-Bridging-Header.h";
				TARGETED_DEVICE_FAMILY = "1,2";
			};
			name = Release;
		};
		8033FAB91CEC9491000948E2 /* Debug */ = {
			isa = XCBuildConfiguration;
			buildSettings = {
				BUNDLE_LOADER = "$(TEST_HOST)";
				INFOPLIST_FILE = RetailWorldTests/Info.plist;
				LD_RUNPATH_SEARCH_PATHS = "$(inherited) @executable_path/Frameworks @loader_path/Frameworks";
				PRODUCT_BUNDLE_IDENTIFIER = com.Exilant.RetailWorldTests;
				PRODUCT_NAME = "$(TARGET_NAME)";
				TEST_HOST = "$(BUILT_PRODUCTS_DIR)/RetailWorld.app/RetailWorld";
			};
			name = Debug;
		};
		8033FABA1CEC9491000948E2 /* Release */ = {
			isa = XCBuildConfiguration;
			buildSettings = {
				BUNDLE_LOADER = "$(TEST_HOST)";
				INFOPLIST_FILE = RetailWorldTests/Info.plist;
				LD_RUNPATH_SEARCH_PATHS = "$(inherited) @executable_path/Frameworks @loader_path/Frameworks";
				PRODUCT_BUNDLE_IDENTIFIER = com.Exilant.RetailWorldTests;
				PRODUCT_NAME = "$(TARGET_NAME)";
				TEST_HOST = "$(BUILT_PRODUCTS_DIR)/RetailWorld.app/RetailWorld";
			};
			name = Release;
		};
/* End XCBuildConfiguration section */

/* Begin XCConfigurationList section */
		8033FA931CEC9491000948E2 /* Build configuration list for PBXProject "RetailWorld" */ = {
			isa = XCConfigurationList;
			buildConfigurations = (
				8033FAB31CEC9491000948E2 /* Debug */,
				8033FAB41CEC9491000948E2 /* Release */,
			);
			defaultConfigurationIsVisible = 0;
			defaultConfigurationName = Release;
		};
		8033FAB51CEC9491000948E2 /* Build configuration list for PBXNativeTarget "RetailWorld" */ = {
			isa = XCConfigurationList;
			buildConfigurations = (
				8033FAB61CEC9491000948E2 /* Debug */,
				8033FAB71CEC9491000948E2 /* Release */,
			);
			defaultConfigurationIsVisible = 0;
			defaultConfigurationName = Release;
		};
		8033FAB81CEC9491000948E2 /* Build configuration list for PBXNativeTarget "RetailWorldTests" */ = {
			isa = XCConfigurationList;
			buildConfigurations = (
				8033FAB91CEC9491000948E2 /* Debug */,
				8033FABA1CEC9491000948E2 /* Release */,
			);
			defaultConfigurationIsVisible = 0;
			defaultConfigurationName = Release;
		};
/* End XCConfigurationList section */
	};
	rootObject = 8033FA901CEC9491000948E2 /* Project object */;
}
