// !$*UTF8*$!
{
	archiveVersion = 1;
	classes = {
	};
	objectVersion = 46;
	objects = {

/* Begin PBXBuildFile section */
		8033FA9C1CEC9491000948E2 /* AppDelegate.swift in Sources */ = {isa = PBXBuildFile; fileRef = 8033FA9B1CEC9491000948E2 /* AppDelegate.swift */; };
		8033FA9E1CEC9491000948E2 /* ViewController.swift in Sources */ = {isa = PBXBuildFile; fileRef = 8033FA9D1CEC9491000948E2 /* ViewController.swift */; };
		8033FAA11CEC9491000948E2 /* Main.storyboard in Resources */ = {isa = PBXBuildFile; fileRef = 8033FA9F1CEC9491000948E2 /* Main.storyboard */; };
		8033FAA31CEC9491000948E2 /* Assets.xcassets in Resources */ = {isa = PBXBuildFile; fileRef = 8033FAA21CEC9491000948E2 /* Assets.xcassets */; };
		8033FAA61CEC9491000948E2 /* LaunchScreen.storyboard in Resources */ = {isa = PBXBuildFile; fileRef = 8033FAA41CEC9491000948E2 /* LaunchScreen.storyboard */; };
		8033FAB11CEC9491000948E2 /* RetailWorldTests.swift in Sources */ = {isa = PBXBuildFile; fileRef = 8033FAB01CEC9491000948E2 /* RetailWorldTests.swift */; };
/* End PBXBuildFile section */

/* Begin PBXContainerItemProxy section */
		8033FAAD1CEC9491000948E2 /* PBXContainerItemProxy */ = {
			isa = PBXContainerItemProxy;
			containerPortal = 8033FA901CEC9491000948E2 /* Project object */;
			proxyType = 1;
			remoteGlobalIDString = 8033FA971CEC9491000948E2;
			remoteInfo = RetailWorld;
		};
/* End PBXContainerItemProxy section */

/* Begin PBXFileReference section */
		8033FA981CEC9491000948E2 /* RetailWorld.app */ = {isa = PBXFileReference; explicitFileType = wrapper.application; includeInIndex = 0; path = RetailWorld.app; sourceTree = BUILT_PRODUCTS_DIR; };
		8033FA9B1CEC9491000948E2 /* AppDelegate.swift */ = {isa = PBXFileReference; lastKnownFileType = sourcecode.swift; path = AppDelegate.swift; sourceTree = "<group>"; };
		8033FA9D1CEC9491000948E2 /* ViewController.swift */ = {isa = PBXFileReference; lastKnownFileType = sourcecode.swift; path = ViewController.swift; sourceTree = "<group>"; };
		8033FAA01CEC9491000948E2 /* Base */ = {isa = PBXFileReference; lastKnownFileType = file.storyboard; name = Base; path = Base.lproj/Main.storyboard; sourceTree = "<group>"; };
		8033FAA21CEC9491000948E2 /* Assets.xcassets */ = {isa = PBXFileReference; lastKnownFileType = folder.assetcatalog; path = Assets.xcassets; sourceTree = "<group>"; };
		8033FAA51CEC9491000948E2 /* Base */ = {isa = PBXFileReference; lastKnownFileType = file.storyboard; name = Base; path = Base.lproj/LaunchScreen.storyboard; sourceTree = "<group>"; };
		8033FAA71CEC9491000948E2 /* Info.plist */ = {isa = PBXFileReference; lastKnownFileType = text.plist.xml; path = Info.plist; sourceTree = "<group>"; };
		8033FAAC1CEC9491000948E2 /* RetailWorldTests.xctest */ = {isa = PBXFileReference; explicitFileType = wrapper.cfbundle; includeInIndex = 0; path = RetailWorldTests.xctest; sourceTree = BUILT_PRODUCTS_DIR; };
		8033FAB01CEC9491000948E2 /* RetailWorldTests.swift */ = {isa = PBXFileReference; lastKnownFileType = sourcecode.swift; path = RetailWorldTests.swift; sourceTree = "<group>"; };
		8033FAB21CEC9491000948E2 /* Info.plist */ = {isa = PBXFileReference; lastKnownFileType = text.plist.xml; path = Info.plist; sourceTree = "<group>"; };
/* End PBXFileReference section */

/* Begin PBXFrameworksBuildPhase section */
		8033FA951CEC9491000948E2 /* Frameworks */ = {
			isa = PBXFrameworksBuildPhase;
			buildActionMask = 2147483647;
			files = (
			);
			runOnlyForDeploymentPostprocessing = 0;
		};
		8033FAA91CEC9491000948E2 /* Frameworks */ = {
			isa = PBXFrameworksBuildPhase;
			buildActionMask = 2147483647;
			files = (
			);
			runOnlyForDeploymentPostprocessing = 0;
		};
/* End PBXFrameworksBuildPhase section */

/* Begin PBXGroup section */
		8033FA8F1CEC9491000948E2 = {
			isa = PBXGroup;
			children = (
				8033FA9A1CEC9491000948E2 /* RetailWorld */,
				8033FAAF1CEC9491000948E2 /* RetailWorldTests */,
				8033FA991CEC9491000948E2 /* Products */,
			);
			sourceTree = "<group>";
		};
		8033FA991CEC9491000948E2 /* Products */ = {
			isa = PBXGroup;
			children = (
				8033FA981CEC9491000948E2 /* RetailWorld.app */,
				8033FAAC1CEC9491000948E2 /* RetailWorldTests.xctest */,
			);
			name = Products;
			sourceTree = "<group>";
		};
		8033FA9A1CEC9491000948E2 /* RetailWorld */ = {
			isa = PBXGroup;
			children = (
				8033FA9B1CEC9491000948E2 /* AppDelegate.swift */,
				8033FA9D1CEC9491000948E2 /* ViewController.swift */,
				8033FA9F1CEC9491000948E2 /* Main.storyboard */,
				8033FAA21CEC9491000948E2 /* Assets.xcassets */,
				8033FAA41CEC9491000948E2 /* LaunchScreen.storyboard */,
				8033FAA71CEC9491000948E2 /* Info.plist */,
			);
			path = RetailWorld;
			sourceTree = "<group>";
		};
		8033FAAF1CEC9491000948E2 /* RetailWorldTests */ = {
			isa = PBXGroup;
			children = (
				8033FAB01CEC9491000948E2 /* RetailWorldTests.swift */,
				8033FAB21CEC9491000948E2 /* Info.plist */,
			);
			path = RetailWorldTests;
			sourceTree = "<group>";
		};
/* End PBXGroup section */

/* Begin PBXNativeTarget section */
		8033FA971CEC9491000948E2 /* RetailWorld */ = {
			isa = PBXNativeTarget;
			buildConfigurationList = 8033FAB51CEC9491000948E2 /* Build configuration list for PBXNativeTarget "RetailWorld" */;
			buildPhases = (
				8033FA941CEC9491000948E2 /* Sources */,
				8033FA951CEC9491000948E2 /* Frameworks */,
				8033FA961CEC9491000948E2 /* Resources */,
			);
			buildRules = (
			);
			dependencies = (
			);
			name = RetailWorld;
			productName = RetailWorld;
			productReference = 8033FA981CEC9491000948E2 /* RetailWorld.app */;
			productType = "com.apple.product-type.application";
		};
		8033FAAB1CEC9491000948E2 /* RetailWorldTests */ = {
			isa = PBXNativeTarget;
			buildConfigurationList = 8033FAB81CEC9491000948E2 /* Build configuration list for PBXNativeTarget "RetailWorldTests" */;
			buildPhases = (
				8033FAA81CEC9491000948E2 /* Sources */,
				8033FAA91CEC9491000948E2 /* Frameworks */,
				8033FAAA1CEC9491000948E2 /* Resources */,
			);
			buildRules = (
			);
			dependencies = (
				8033FAAE1CEC9491000948E2 /* PBXTargetDependency */,
			);
			name = RetailWorldTests;
			productName = RetailWorldTests;
			productReference = 8033FAAC1CEC9491000948E2 /* RetailWorldTests.xctest */;
			productType = "com.apple.product-type.bundle.unit-test";
		};
/* End PBXNativeTarget section */

/* Begin PBXProject section */
		8033FA901CEC9491000948E2 /* Project object */ = {
			isa = PBXProject;
			attributes = {
				LastSwiftUpdateCheck = 0730;
				LastUpgradeCheck = 0730;
				ORGANIZATIONNAME = "Vineet Kumar Singh";
				TargetAttributes = {
					8033FA971CEC9491000948E2 = {
						CreatedOnToolsVersion = 7.3;
						DevelopmentTeam = 44XXETDT6W;
					};
					8033FAAB1CEC9491000948E2 = {
						CreatedOnToolsVersion = 7.3;
						DevelopmentTeam = 44XXETDT6W;
						TestTargetID = 8033FA971CEC9491000948E2;
					};
				};
			};
			buildConfigurationList = 8033FA931CEC9491000948E2 /* Build configuration list for PBXProject "RetailWorld" */;
			compatibilityVersion = "Xcode 3.2";
			developmentRegion = English;
			hasScannedForEncodings = 0;
			knownRegions = (
				en,
				Base,
			);
			mainGroup = 8033FA8F1CEC9491000948E2;
			productRefGroup = 8033FA991CEC9491000948E2 /* Products */;
			projectDirPath = "";
			projectRoot = "";
			targets = (
				8033FA971CEC9491000948E2 /* RetailWorld */,
				8033FAAB1CEC9491000948E2 /* RetailWorldTests */,
			);
		};
/* End PBXProject section */

/* Begin PBXResourcesBuildPhase section */
		8033FA961CEC9491000948E2 /* Resources */ = {
			isa = PBXResourcesBuildPhase;
			buildActionMask = 2147483647;
			files = (
				8033FAA61CEC9491000948E2 /* LaunchScreen.storyboard in Resources */,
				8033FAA31CEC9491000948E2 /* Assets.xcassets in Resources */,
				8033FAA11CEC9491000948E2 /* Main.storyboard in Resources */,
			);
			runOnlyForDeploymentPostprocessing = 0;
		};
		8033FAAA1CEC9491000948E2 /* Resources */ = {
			isa = PBXResourcesBuildPhase;
			buildActionMask = 2147483647;
			files = (
			);
			runOnlyForDeploymentPostprocessing = 0;
		};
/* End PBXResourcesBuildPhase section */

/* Begin PBXSourcesBuildPhase section */
		8033FA941CEC9491000948E2 /* Sources */ = {
			isa = PBXSourcesBuildPhase;
			buildActionMask = 2147483647;
			files = (
				8033FA9E1CEC9491000948E2 /* ViewController.swift in Sources */,
				8033FA9C1CEC9491000948E2 /* AppDelegate.swift in Sources */,
			);
			runOnlyForDeploymentPostprocessing = 0;
		};
		8033FAA81CEC9491000948E2 /* Sources */ = {
			isa = PBXSourcesBuildPhase;
			buildActionMask = 2147483647;
			files = (
				8033FAB11CEC9491000948E2 /* RetailWorldTests.swift in Sources */,
			);
			runOnlyForDeploymentPostprocessing = 0;
		};
/* End PBXSourcesBuildPhase section */

/* Begin PBXTargetDependency section */
		8033FAAE1CEC9491000948E2 /* PBXTargetDependency */ = {
			isa = PBXTargetDependency;
			target = 8033FA971CEC9491000948E2 /* RetailWorld */;
			targetProxy = 8033FAAD1CEC9491000948E2 /* PBXContainerItemProxy */;
		};
/* End PBXTargetDependency section */

/* Begin PBXVariantGroup section */
		8033FA9F1CEC9491000948E2 /* Main.storyboard */ = {
			isa = PBXVariantGroup;
			children = (
				8033FAA01CEC9491000948E2 /* Base */,
			);
			name = Main.storyboard;
			sourceTree = "<group>";
		};
		8033FAA41CEC9491000948E2 /* LaunchScreen.storyboard */ = {
			isa = PBXVariantGroup;
			children = (
				8033FAA51CEC9491000948E2 /* Base */,
			);
			name = LaunchScreen.storyboard;
			sourceTree = "<group>";
		};
/* End PBXVariantGroup section */

/* Begin XCBuildConfiguration section */
		8033FAB31CEC9491000948E2 /* Debug */ = {
			isa = XCBuildConfiguration;
			buildSettings = {
				ALWAYS_SEARCH_USER_PATHS = NO;
				CLANG_ANALYZER_NONNULL = YES;
				CLANG_CXX_LANGUAGE_STANDARD = "gnu++0x";
				CLANG_CXX_LIBRARY = "libc++";
				CLANG_ENABLE_MODULES = YES;
				CLANG_ENABLE_OBJC_ARC = YES;
				CLANG_WARN_BOOL_CONVERSION = YES;
				CLANG_WARN_CONSTANT_CONVERSION = YES;
				CLANG_WARN_DIRECT_OBJC_ISA_USAGE = YES_ERROR;
				CLANG_WARN_EMPTY_BODY = YES;
				CLANG_WARN_ENUM_CONVERSION = YES;
				CLANG_WARN_INT_CONVERSION = YES;
				CLANG_WARN_OBJC_ROOT_CLASS = YES_ERROR;
				CLANG_WARN_UNREACHABLE_CODE = YES;
				CLANG_WARN__DUPLICATE_METHOD_MATCH = YES;
				"CODE_SIGN_IDENTITY[sdk=iphoneos*]" = "iPhone Developer";
				COPY_PHASE_STRIP = NO;
				DEBUG_INFORMATION_FORMAT = dwarf;
				ENABLE_STRICT_OBJC_MSGSEND = YES;
				ENABLE_TESTABILITY = YES;
				GCC_C_LANGUAGE_STANDARD = gnu99;
				GCC_DYNAMIC_NO_PIC = NO;
				GCC_NO_COMMON_BLOCKS = YES;
				GCC_OPTIMIZATION_LEVEL = 0;
				GCC_PREPROCESSOR_DEFINITIONS = (
					"DEBUG=1",
					"$(inherited)",
				);
				GCC_WARN_64_TO_32_BIT_CONVERSION = YES;
				GCC_WARN_ABOUT_RETURN_TYPE = YES_ERROR;
				GCC_WARN_UNDECLARED_SELECTOR = YES;
				GCC_WARN_UNINITIALIZED_AUTOS = YES_AGGRESSIVE;
				GCC_WARN_UNUSED_FUNCTION = YES;
				GCC_WARN_UNUSED_VARIABLE = YES;
				IPHONEOS_DEPLOYMENT_TARGET = 9.3;
				MTL_ENABLE_DEBUG_INFO = YES;
				ONLY_ACTIVE_ARCH = YES;
				SDKROOT = iphoneos;
				SWIFT_OPTIMIZATION_LEVEL = "-Onone";
			};
			name = Debug;
		};
		8033FAB41CEC9491000948E2 /* Release */ = {
			isa = XCBuildConfiguration;
			buildSettings = {
				ALWAYS_SEARCH_USER_PATHS = NO;
				CLANG_ANALYZER_NONNULL = YES;
				CLANG_CXX_LANGUAGE_STANDARD = "gnu++0x";
				CLANG_CXX_LIBRARY = "libc++";
				CLANG_ENABLE_MODULES = YES;
				CLANG_ENABLE_OBJC_ARC = YES;
				CLANG_WARN_BOOL_CONVERSION = YES;
				CLANG_WARN_CONSTANT_CONVERSION = YES;
				CLANG_WARN_DIRECT_OBJC_ISA_USAGE = YES_ERROR;
				CLANG_WARN_EMPTY_BODY = YES;
				CLANG_WARN_ENUM_CONVERSION = YES;
				CLANG_WARN_INT_CONVERSION = YES;
				CLANG_WARN_OBJC_ROOT_CLASS = YES_ERROR;
				CLANG_WARN_UNREACHABLE_CODE = YES;
				CLANG_WARN__DUPLICATE_METHOD_MATCH = YES;
				"CODE_SIGN_IDENTITY[sdk=iphoneos*]" = "iPhone Developer";
				COPY_PHASE_STRIP = NO;
				DEBUG_INFORMATION_FORMAT = "dwarf-with-dsym";
				ENABLE_NS_ASSERTIONS = NO;
				ENABLE_STRICT_OBJC_MSGSEND = YES;
				GCC_C_LANGUAGE_STANDARD = gnu99;
				GCC_NO_COMMON_BLOCKS = YES;
				GCC_WARN_64_TO_32_BIT_CONVERSION = YES;
				GCC_WARN_ABOUT_RETURN_TYPE = YES_ERROR;
				GCC_WARN_UNDECLARED_SELECTOR = YES;
				GCC_WARN_UNINITIALIZED_AUTOS = YES_AGGRESSIVE;
				GCC_WARN_UNUSED_FUNCTION = YES;
				GCC_WARN_UNUSED_VARIABLE = YES;
				IPHONEOS_DEPLOYMENT_TARGET = 9.3;
				MTL_ENABLE_DEBUG_INFO = NO;
				SDKROOT = iphoneos;
				VALIDATE_PRODUCT = YES;
			};
			name = Release;
		};
		8033FAB61CEC9491000948E2 /* Debug */ = {
			isa = XCBuildConfiguration;
			buildSettings = {
				ASSETCATALOG_COMPILER_APPICON_NAME = AppIcon;
				INFOPLIST_FILE = RetailWorld/Info.plist;
				LD_RUNPATH_SEARCH_PATHS = "$(inherited) @executable_path/Frameworks";
				PRODUCT_BUNDLE_IDENTIFIER = com.Exilant.RetailWorld;
				PRODUCT_NAME = "$(TARGET_NAME)";
			};
			name = Debug;
		};
		8033FAB71CEC9491000948E2 /* Release */ = {
			isa = XCBuildConfiguration;
			buildSettings = {
				ASSETCATALOG_COMPILER_APPICON_NAME = AppIcon;
				INFOPLIST_FILE = RetailWorld/Info.plist;
				LD_RUNPATH_SEARCH_PATHS = "$(inherited) @executable_path/Frameworks";
				PRODUCT_BUNDLE_IDENTIFIER = com.Exilant.RetailWorld;
				PRODUCT_NAME = "$(TARGET_NAME)";
			};
			name = Release;
		};
		8033FAB91CEC9491000948E2 /* Debug */ = {
			isa = XCBuildConfiguration;
			buildSettings = {
				BUNDLE_LOADER = "$(TEST_HOST)";
				INFOPLIST_FILE = RetailWorldTests/Info.plist;
				LD_RUNPATH_SEARCH_PATHS = "$(inherited) @executable_path/Frameworks @loader_path/Frameworks";
				PRODUCT_BUNDLE_IDENTIFIER = com.Exilant.RetailWorldTests;
				PRODUCT_NAME = "$(TARGET_NAME)";
				TEST_HOST = "$(BUILT_PRODUCTS_DIR)/RetailWorld.app/RetailWorld";
			};
			name = Debug;
		};
		8033FABA1CEC9491000948E2 /* Release */ = {
			isa = XCBuildConfiguration;
			buildSettings = {
				BUNDLE_LOADER = "$(TEST_HOST)";
				INFOPLIST_FILE = RetailWorldTests/Info.plist;
				LD_RUNPATH_SEARCH_PATHS = "$(inherited) @executable_path/Frameworks @loader_path/Frameworks";
				PRODUCT_BUNDLE_IDENTIFIER = com.Exilant.RetailWorldTests;
				PRODUCT_NAME = "$(TARGET_NAME)";
				TEST_HOST = "$(BUILT_PRODUCTS_DIR)/RetailWorld.app/RetailWorld";
			};
			name = Release;
		};
/* End XCBuildConfiguration section */

/* Begin XCConfigurationList section */
		8033FA931CEC9491000948E2 /* Build configuration list for PBXProject "RetailWorld" */ = {
			isa = XCConfigurationList;
			buildConfigurations = (
				8033FAB31CEC9491000948E2 /* Debug */,
				8033FAB41CEC9491000948E2 /* Release */,
			);
			defaultConfigurationIsVisible = 0;
			defaultConfigurationName = Release;
		};
		8033FAB51CEC9491000948E2 /* Build configuration list for PBXNativeTarget "RetailWorld" */ = {
			isa = XCConfigurationList;
			buildConfigurations = (
				8033FAB61CEC9491000948E2 /* Debug */,
				8033FAB71CEC9491000948E2 /* Release */,
			);
			defaultConfigurationIsVisible = 0;
		};
		8033FAB81CEC9491000948E2 /* Build configuration list for PBXNativeTarget "RetailWorldTests" */ = {
			isa = XCConfigurationList;
			buildConfigurations = (
				8033FAB91CEC9491000948E2 /* Debug */,
				8033FABA1CEC9491000948E2 /* Release */,
			);
			defaultConfigurationIsVisible = 0;
		};
/* End XCConfigurationList section */
	};
	rootObject = 8033FA901CEC9491000948E2 /* Project object */;
}
