// !$*UTF8*$!
{
	archiveVersion = 1;
	classes = {
	};
	objectVersion = 46;
	objects = {

/* Begin PBXBuildFile section */
		8016356B1D09411100403835 /* AccountViewController.swift in Sources */ = {isa = PBXBuildFile; fileRef = 801635301D09411100403835 /* AccountViewController.swift */; };
		8016356C1D09411100403835 /* CartViewController.swift in Sources */ = {isa = PBXBuildFile; fileRef = 801635311D09411100403835 /* CartViewController.swift */; };
		8016356D1D09411100403835 /* FavoritesViewController.swift in Sources */ = {isa = PBXBuildFile; fileRef = 801635321D09411100403835 /* FavoritesViewController.swift */; };
		8016356E1D09411100403835 /* FoodViewController.swift in Sources */ = {isa = PBXBuildFile; fileRef = 801635331D09411100403835 /* FoodViewController.swift */; };
		8016356F1D09411100403835 /* LoginViewController.swift in Sources */ = {isa = PBXBuildFile; fileRef = 801635341D09411100403835 /* LoginViewController.swift */; };
		801635701D09411100403835 /* OfferViewController.swift in Sources */ = {isa = PBXBuildFile; fileRef = 801635351D09411100403835 /* OfferViewController.swift */; };
		801635711D09411100403835 /* RegisterViewController.swift in Sources */ = {isa = PBXBuildFile; fileRef = 801635361D09411100403835 /* RegisterViewController.swift */; };
		801635721D09411100403835 /* ResetPasswordViewController.swift in Sources */ = {isa = PBXBuildFile; fileRef = 801635371D09411100403835 /* ResetPasswordViewController.swift */; };
		801635731D09411100403835 /* SideBarViewController.swift in Sources */ = {isa = PBXBuildFile; fileRef = 801635381D09411100403835 /* SideBarViewController.swift */; };
		801635741D09411100403835 /* FoodTableViewCell.swift in Sources */ = {isa = PBXBuildFile; fileRef = 8016353A1D09411100403835 /* FoodTableViewCell.swift */; };
		801635751D09411100403835 /* OfferCollectionViewCell.swift in Sources */ = {isa = PBXBuildFile; fileRef = 8016353B1D09411100403835 /* OfferCollectionViewCell.swift */; };
		8016357C1D09411100403835 /* backButton.png in Resources */ = {isa = PBXBuildFile; fileRef = 801635441D09411100403835 /* backButton.png */; };
		8016357D1D09411100403835 /* background2.png in Resources */ = {isa = PBXBuildFile; fileRef = 801635451D09411100403835 /* background2.png */; };
		8016357E1D09411100403835 /* Bg.png in Resources */ = {isa = PBXBuildFile; fileRef = 801635461D09411100403835 /* Bg.png */; };
		8016357F1D09411100403835 /* bg1.jpg in Resources */ = {isa = PBXBuildFile; fileRef = 801635471D09411100403835 /* bg1.jpg */; };
		801635801D09411100403835 /* cart.png in Resources */ = {isa = PBXBuildFile; fileRef = 801635481D09411100403835 /* cart.png */; };
		801635811D09411100403835 /* cart_add.png in Resources */ = {isa = PBXBuildFile; fileRef = 801635491D09411100403835 /* cart_add.png */; };
		801635821D09411100403835 /* cart_remove.png in Resources */ = {isa = PBXBuildFile; fileRef = 8016354A1D09411100403835 /* cart_remove.png */; };
		801635831D09411100403835 /* favorites.png in Resources */ = {isa = PBXBuildFile; fileRef = 8016354B1D09411100403835 /* favorites.png */; };
		801635841D09411100403835 /* image1.jpeg in Resources */ = {isa = PBXBuildFile; fileRef = 8016354C1D09411100403835 /* image1.jpeg */; };
		801635851D09411100403835 /* image10 in Resources */ = {isa = PBXBuildFile; fileRef = 8016354D1D09411100403835 /* image10 */; };
		801635861D09411100403835 /* image11 in Resources */ = {isa = PBXBuildFile; fileRef = 8016354E1D09411100403835 /* image11 */; };
		801635871D09411100403835 /* image2.jpeg in Resources */ = {isa = PBXBuildFile; fileRef = 8016354F1D09411100403835 /* image2.jpeg */; };
		801635881D09411100403835 /* image3.jpeg in Resources */ = {isa = PBXBuildFile; fileRef = 801635501D09411100403835 /* image3.jpeg */; };
		801635891D09411100403835 /* image4.jpeg in Resources */ = {isa = PBXBuildFile; fileRef = 801635511D09411100403835 /* image4.jpeg */; };
		8016358A1D09411100403835 /* image5 in Resources */ = {isa = PBXBuildFile; fileRef = 801635521D09411100403835 /* image5 */; };
		8016358B1D09411100403835 /* image5.jpeg in Resources */ = {isa = PBXBuildFile; fileRef = 801635531D09411100403835 /* image5.jpeg */; };
		8016358C1D09411100403835 /* image6 in Resources */ = {isa = PBXBuildFile; fileRef = 801635541D09411100403835 /* image6 */; };
		8016358D1D09411100403835 /* image6.jpeg in Resources */ = {isa = PBXBuildFile; fileRef = 801635551D09411100403835 /* image6.jpeg */; };
		8016358E1D09411100403835 /* image7 in Resources */ = {isa = PBXBuildFile; fileRef = 801635561D09411100403835 /* image7 */; };
		8016358F1D09411100403835 /* image8 in Resources */ = {isa = PBXBuildFile; fileRef = 801635571D09411100403835 /* image8 */; };
		801635901D09411100403835 /* image9 in Resources */ = {isa = PBXBuildFile; fileRef = 801635581D09411100403835 /* image9 */; };
		801635911D09411100403835 /* images.jpeg in Resources */ = {isa = PBXBuildFile; fileRef = 801635591D09411100403835 /* images.jpeg */; };
		801635921D09411100403835 /* images10.jpeg in Resources */ = {isa = PBXBuildFile; fileRef = 8016355A1D09411100403835 /* images10.jpeg */; };
		801635931D09411100403835 /* Launch.png in Resources */ = {isa = PBXBuildFile; fileRef = 8016355B1D09411100403835 /* Launch.png */; };
		801635941D09411100403835 /* login.png in Resources */ = {isa = PBXBuildFile; fileRef = 8016355C1D09411100403835 /* login.png */; };
		801635951D09411100403835 /* PasswordReset.png in Resources */ = {isa = PBXBuildFile; fileRef = 8016355D1D09411100403835 /* PasswordReset.png */; };
		801635961D09411100403835 /* photo-frame.png in Resources */ = {isa = PBXBuildFile; fileRef = 8016355E1D09411100403835 /* photo-frame.png */; };
		801635971D09411100403835 /* Register.png in Resources */ = {isa = PBXBuildFile; fileRef = 8016355F1D09411100403835 /* Register.png */; };
		801635981D09411100403835 /* ResetMyPasswordBtn.png in Resources */ = {isa = PBXBuildFile; fileRef = 801635601D09411100403835 /* ResetMyPasswordBtn.png */; };
		801635991D09411100403835 /* reveal-icon@2x.png in Resources */ = {isa = PBXBuildFile; fileRef = 801635611D09411100403835 /* reveal-icon@2x.png */; };
		8016359A1D09411100403835 /* Sign In.png in Resources */ = {isa = PBXBuildFile; fileRef = 801635621D09411100403835 /* Sign In.png */; };
		8016359B1D09411100403835 /* SWRevealViewController.m in Sources */ = {isa = PBXBuildFile; fileRef = 801635661D09411100403835 /* SWRevealViewController.m */; };
		8016359C1D09411100403835 /* Constant.swift in Sources */ = {isa = PBXBuildFile; fileRef = 801635681D09411100403835 /* Constant.swift */; };
		8016359D1D09411100403835 /* FoodItems.swift in Sources */ = {isa = PBXBuildFile; fileRef = 801635691D09411100403835 /* FoodItems.swift */; };
		8016359E1D09411100403835 /* LoginAlerts.swift in Sources */ = {isa = PBXBuildFile; fileRef = 8016356A1D09411100403835 /* LoginAlerts.swift */; };
		801635A11D09423200403835 /* Security.framework in Frameworks */ = {isa = PBXBuildFile; fileRef = 801635A01D09423200403835 /* Security.framework */; };
		801635A31D09424000403835 /* QuartzCore.framework in Frameworks */ = {isa = PBXBuildFile; fileRef = 801635A21D09424000403835 /* QuartzCore.framework */; };
		801635A51D09424A00403835 /* AVFoundation.framework in Frameworks */ = {isa = PBXBuildFile; fileRef = 801635A41D09424A00403835 /* AVFoundation.framework */; };
		801635A71D09425200403835 /* CoreVideo.framework in Frameworks */ = {isa = PBXBuildFile; fileRef = 801635A61D09425200403835 /* CoreVideo.framework */; };
		801635A91D09425A00403835 /* Accelerate.framework in Frameworks */ = {isa = PBXBuildFile; fileRef = 801635A81D09425A00403835 /* Accelerate.framework */; };
		801635AB1D09426500403835 /* CoreMedia.framework in Frameworks */ = {isa = PBXBuildFile; fileRef = 801635AA1D09426500403835 /* CoreMedia.framework */; };
		801635AD1D09426F00403835 /* AudioToolbox.framework in Frameworks */ = {isa = PBXBuildFile; fileRef = 801635AC1D09426F00403835 /* AudioToolbox.framework */; };
		801635AF1D09427900403835 /* CoreData.framework in Frameworks */ = {isa = PBXBuildFile; fileRef = 801635AE1D09427900403835 /* CoreData.framework */; };
		801635B11D09428400403835 /* CoreLocation.framework in Frameworks */ = {isa = PBXBuildFile; fileRef = 801635B01D09428400403835 /* CoreLocation.framework */; };
		801635B31D09428F00403835 /* CoreGraphics.framework in Frameworks */ = {isa = PBXBuildFile; fileRef = 801635B21D09428F00403835 /* CoreGraphics.framework */; };
		801635B51D09429C00403835 /* MobileCoreServices.framework in Frameworks */ = {isa = PBXBuildFile; fileRef = 801635B41D09429C00403835 /* MobileCoreServices.framework */; };
		801635B71D0942A500403835 /* SystemConfiguration.framework in Frameworks */ = {isa = PBXBuildFile; fileRef = 801635B61D0942A500403835 /* SystemConfiguration.framework */; };
		801635B91D0942AD00403835 /* CFNetwork.framework in Frameworks */ = {isa = PBXBuildFile; fileRef = 801635B81D0942AD00403835 /* CFNetwork.framework */; settings = {ATTRIBUTES = (Weak, ); }; };
		801635BB1D0942C300403835 /* libxml2.2.tbd in Frameworks */ = {isa = PBXBuildFile; fileRef = 801635BA1D0942C300403835 /* libxml2.2.tbd */; };
		801635BD1D0942D000403835 /* libresolv.9.tbd in Frameworks */ = {isa = PBXBuildFile; fileRef = 801635BC1D0942D000403835 /* libresolv.9.tbd */; };
		801635BF1D0942D900403835 /* libz.1.1.3.tbd in Frameworks */ = {isa = PBXBuildFile; fileRef = 801635BE1D0942D900403835 /* libz.1.1.3.tbd */; };
		801635C21D09442D00403835 /* Quickblox.framework in Frameworks */ = {isa = PBXBuildFile; fileRef = 801635C01D09442D00403835 /* Quickblox.framework */; };
		801635C31D09442D00403835 /* QuickbloxWebRTC.framework in Frameworks */ = {isa = PBXBuildFile; fileRef = 801635C11D09442D00403835 /* QuickbloxWebRTC.framework */; settings = {ATTRIBUTES = (Weak, ); }; };
		801636061D09478A00403835 /* Info.plist in Resources */ = {isa = PBXBuildFile; fileRef = 801636051D09478A00403835 /* Info.plist */; };
		801636091D0947EA00403835 /* GLKit.framework in Frameworks */ = {isa = PBXBuildFile; fileRef = 801636081D0947EA00403835 /* GLKit.framework */; };
		8016360B1D09481E00403835 /* VideoToolbox.framework in Frameworks */ = {isa = PBXBuildFile; fileRef = 8016360A1D09481E00403835 /* VideoToolbox.framework */; settings = {ATTRIBUTES = (Weak, ); }; };
		801636101D09492600403835 /* LaunchScreen.storyboard in Resources */ = {isa = PBXBuildFile; fileRef = 8016360C1D09492600403835 /* LaunchScreen.storyboard */; };
		801636111D09492600403835 /* Main.storyboard in Resources */ = {isa = PBXBuildFile; fileRef = 8016360E1D09492600403835 /* Main.storyboard */; };
		801636131D094A2B00403835 /* AppDelegate.swift in Sources */ = {isa = PBXBuildFile; fileRef = 801636121D094A2B00403835 /* AppDelegate.swift */; };
		8016361F1D09740D00403835 /* Utility.swift in Sources */ = {isa = PBXBuildFile; fileRef = 8016361E1D09740D00403835 /* Utility.swift */; };
		8033FAB11CEC9491000948E2 /* RetailWorldTests.swift in Sources */ = {isa = PBXBuildFile; fileRef = 8033FAB01CEC9491000948E2 /* RetailWorldTests.swift */; };
		807290211D253FE000F927AC /* AdminViewController.swift in Sources */ = {isa = PBXBuildFile; fileRef = 807290201D253FE000F927AC /* AdminViewController.swift */; };
		80B9702D1D1BAB1800264F12 /* Foundation.framework in Frameworks */ = {isa = PBXBuildFile; fileRef = 80B9702C1D1BAB1800264F12 /* Foundation.framework */; };
		80B9702F1D1BABC300264F12 /* UIKit.framework in Frameworks */ = {isa = PBXBuildFile; fileRef = 80B9702E1D1BABC300264F12 /* UIKit.framework */; settings = {ATTRIBUTES = (Weak, ); }; };
		80C5FC741D20F28F006ACA62 /* Parent.swift in Sources */ = {isa = PBXBuildFile; fileRef = 80C5FC731D20F28F006ACA62 /* Parent.swift */; };
		80C7B4951D0A852B002EB678 /* AddToCart.png in Resources */ = {isa = PBXBuildFile; fileRef = 80C7B4921D0A852B002EB678 /* AddToCart.png */; };
		80C7B4961D0A852B002EB678 /* CartSymbol.png in Resources */ = {isa = PBXBuildFile; fileRef = 80C7B4931D0A852B002EB678 /* CartSymbol.png */; };
		80C7B4971D0A852B002EB678 /* Qty.png in Resources */ = {isa = PBXBuildFile; fileRef = 80C7B4941D0A852B002EB678 /* Qty.png */; };
		80CC30E41D1025BD001ACC53 /* Fabric.framework in Frameworks */ = {isa = PBXBuildFile; fileRef = 80CC30E01D1025BD001ACC53 /* Fabric.framework */; settings = {ATTRIBUTES = (Weak, ); }; };
		80CC30E51D1025BD001ACC53 /* DigitsKit.framework in Frameworks */ = {isa = PBXBuildFile; fileRef = 80CC30E11D1025BD001ACC53 /* DigitsKit.framework */; settings = {ATTRIBUTES = (Weak, ); }; };
		80CC30E61D1025BD001ACC53 /* DigitsKitResources.bundle in Resources */ = {isa = PBXBuildFile; fileRef = 80CC30E21D1025BD001ACC53 /* DigitsKitResources.bundle */; };
		80CC30E71D1025BD001ACC53 /* TwitterCore.framework in Frameworks */ = {isa = PBXBuildFile; fileRef = 80CC30E31D1025BD001ACC53 /* TwitterCore.framework */; settings = {ATTRIBUTES = (Weak, ); }; };
		80EFC0A81D2B879A00F94CE6 /* AdminItemsViewController.swift in Sources */ = {isa = PBXBuildFile; fileRef = 80EFC0A71D2B879A00F94CE6 /* AdminItemsViewController.swift */; };
		80EFC0AA1D2BA3A100F94CE6 /* defaultImage.jpg in Resources */ = {isa = PBXBuildFile; fileRef = 80EFC0A91D2BA3A100F94CE6 /* defaultImage.jpg */; };
/* End PBXBuildFile section */

/* Begin PBXContainerItemProxy section */
		8033FAAD1CEC9491000948E2 /* PBXContainerItemProxy */ = {
			isa = PBXContainerItemProxy;
			containerPortal = 8033FA901CEC9491000948E2 /* Project object */;
			proxyType = 1;
			remoteGlobalIDString = 8033FA971CEC9491000948E2;
			remoteInfo = RetailWorld;
		};
/* End PBXContainerItemProxy section */

/* Begin PBXFileReference section */
		801635301D09411100403835 /* AccountViewController.swift */ = {isa = PBXFileReference; fileEncoding = 4; lastKnownFileType = sourcecode.swift; path = AccountViewController.swift; sourceTree = "<group>"; };
		801635311D09411100403835 /* CartViewController.swift */ = {isa = PBXFileReference; fileEncoding = 4; lastKnownFileType = sourcecode.swift; path = CartViewController.swift; sourceTree = "<group>"; };
		801635321D09411100403835 /* FavoritesViewController.swift */ = {isa = PBXFileReference; fileEncoding = 4; lastKnownFileType = sourcecode.swift; path = FavoritesViewController.swift; sourceTree = "<group>"; };
		801635331D09411100403835 /* FoodViewController.swift */ = {isa = PBXFileReference; fileEncoding = 4; lastKnownFileType = sourcecode.swift; path = FoodViewController.swift; sourceTree = "<group>"; };
		801635341D09411100403835 /* LoginViewController.swift */ = {isa = PBXFileReference; fileEncoding = 4; lastKnownFileType = sourcecode.swift; path = LoginViewController.swift; sourceTree = "<group>"; };
		801635351D09411100403835 /* OfferViewController.swift */ = {isa = PBXFileReference; fileEncoding = 4; lastKnownFileType = sourcecode.swift; path = OfferViewController.swift; sourceTree = "<group>"; };
		801635361D09411100403835 /* RegisterViewController.swift */ = {isa = PBXFileReference; fileEncoding = 4; lastKnownFileType = sourcecode.swift; path = RegisterViewController.swift; sourceTree = "<group>"; };
		801635371D09411100403835 /* ResetPasswordViewController.swift */ = {isa = PBXFileReference; fileEncoding = 4; lastKnownFileType = sourcecode.swift; path = ResetPasswordViewController.swift; sourceTree = "<group>"; };
		801635381D09411100403835 /* SideBarViewController.swift */ = {isa = PBXFileReference; fileEncoding = 4; lastKnownFileType = sourcecode.swift; path = SideBarViewController.swift; sourceTree = "<group>"; };
		8016353A1D09411100403835 /* FoodTableViewCell.swift */ = {isa = PBXFileReference; fileEncoding = 4; lastKnownFileType = sourcecode.swift; path = FoodTableViewCell.swift; sourceTree = "<group>"; };
		8016353B1D09411100403835 /* OfferCollectionViewCell.swift */ = {isa = PBXFileReference; fileEncoding = 4; lastKnownFileType = sourcecode.swift; path = OfferCollectionViewCell.swift; sourceTree = "<group>"; };
		801635441D09411100403835 /* backButton.png */ = {isa = PBXFileReference; lastKnownFileType = image.png; path = backButton.png; sourceTree = "<group>"; };
		801635451D09411100403835 /* background2.png */ = {isa = PBXFileReference; lastKnownFileType = image.png; path = background2.png; sourceTree = "<group>"; };
		801635461D09411100403835 /* Bg.png */ = {isa = PBXFileReference; lastKnownFileType = image.png; path = Bg.png; sourceTree = "<group>"; };
		801635471D09411100403835 /* bg1.jpg */ = {isa = PBXFileReference; lastKnownFileType = image.jpeg; path = bg1.jpg; sourceTree = "<group>"; };
		801635481D09411100403835 /* cart.png */ = {isa = PBXFileReference; lastKnownFileType = image.png; path = cart.png; sourceTree = "<group>"; };
		801635491D09411100403835 /* cart_add.png */ = {isa = PBXFileReference; lastKnownFileType = image.png; path = cart_add.png; sourceTree = "<group>"; };
		8016354A1D09411100403835 /* cart_remove.png */ = {isa = PBXFileReference; lastKnownFileType = image.png; path = cart_remove.png; sourceTree = "<group>"; };
		8016354B1D09411100403835 /* favorites.png */ = {isa = PBXFileReference; lastKnownFileType = image.png; path = favorites.png; sourceTree = "<group>"; };
		8016354C1D09411100403835 /* image1.jpeg */ = {isa = PBXFileReference; lastKnownFileType = image.jpeg; path = image1.jpeg; sourceTree = "<group>"; };
		8016354D1D09411100403835 /* image10 */ = {isa = PBXFileReference; lastKnownFileType = file; path = image10; sourceTree = "<group>"; };
		8016354E1D09411100403835 /* image11 */ = {isa = PBXFileReference; lastKnownFileType = file; path = image11; sourceTree = "<group>"; };
		8016354F1D09411100403835 /* image2.jpeg */ = {isa = PBXFileReference; lastKnownFileType = image.jpeg; path = image2.jpeg; sourceTree = "<group>"; };
		801635501D09411100403835 /* image3.jpeg */ = {isa = PBXFileReference; lastKnownFileType = image.jpeg; path = image3.jpeg; sourceTree = "<group>"; };
		801635511D09411100403835 /* image4.jpeg */ = {isa = PBXFileReference; lastKnownFileType = image.jpeg; path = image4.jpeg; sourceTree = "<group>"; };
		801635521D09411100403835 /* image5 */ = {isa = PBXFileReference; lastKnownFileType = file; path = image5; sourceTree = "<group>"; };
		801635531D09411100403835 /* image5.jpeg */ = {isa = PBXFileReference; lastKnownFileType = image.jpeg; path = image5.jpeg; sourceTree = "<group>"; };
		801635541D09411100403835 /* image6 */ = {isa = PBXFileReference; lastKnownFileType = file; path = image6; sourceTree = "<group>"; };
		801635551D09411100403835 /* image6.jpeg */ = {isa = PBXFileReference; lastKnownFileType = image.jpeg; path = image6.jpeg; sourceTree = "<group>"; };
		801635561D09411100403835 /* image7 */ = {isa = PBXFileReference; lastKnownFileType = file; path = image7; sourceTree = "<group>"; };
		801635571D09411100403835 /* image8 */ = {isa = PBXFileReference; lastKnownFileType = file; path = image8; sourceTree = "<group>"; };
		801635581D09411100403835 /* image9 */ = {isa = PBXFileReference; lastKnownFileType = file; path = image9; sourceTree = "<group>"; };
		801635591D09411100403835 /* images.jpeg */ = {isa = PBXFileReference; lastKnownFileType = image.jpeg; path = images.jpeg; sourceTree = "<group>"; };
		8016355A1D09411100403835 /* images10.jpeg */ = {isa = PBXFileReference; lastKnownFileType = image.jpeg; path = images10.jpeg; sourceTree = "<group>"; };
		8016355B1D09411100403835 /* Launch.png */ = {isa = PBXFileReference; lastKnownFileType = image.png; path = Launch.png; sourceTree = "<group>"; };
		8016355C1D09411100403835 /* login.png */ = {isa = PBXFileReference; lastKnownFileType = image.png; path = login.png; sourceTree = "<group>"; };
		8016355D1D09411100403835 /* PasswordReset.png */ = {isa = PBXFileReference; lastKnownFileType = image.png; path = PasswordReset.png; sourceTree = "<group>"; };
		8016355E1D09411100403835 /* photo-frame.png */ = {isa = PBXFileReference; lastKnownFileType = image.png; path = "photo-frame.png"; sourceTree = "<group>"; };
		8016355F1D09411100403835 /* Register.png */ = {isa = PBXFileReference; lastKnownFileType = image.png; path = Register.png; sourceTree = "<group>"; };
		801635601D09411100403835 /* ResetMyPasswordBtn.png */ = {isa = PBXFileReference; lastKnownFileType = image.png; path = ResetMyPasswordBtn.png; sourceTree = "<group>"; };
		801635611D09411100403835 /* reveal-icon@2x.png */ = {isa = PBXFileReference; lastKnownFileType = image.png; path = "reveal-icon@2x.png"; sourceTree = "<group>"; };
		801635621D09411100403835 /* Sign In.png */ = {isa = PBXFileReference; lastKnownFileType = image.png; path = "Sign In.png"; sourceTree = "<group>"; };
		801635651D09411100403835 /* SWRevealViewController.h */ = {isa = PBXFileReference; fileEncoding = 4; lastKnownFileType = sourcecode.c.h; path = SWRevealViewController.h; sourceTree = "<group>"; };
		801635661D09411100403835 /* SWRevealViewController.m */ = {isa = PBXFileReference; fileEncoding = 4; lastKnownFileType = sourcecode.c.objc; path = SWRevealViewController.m; sourceTree = "<group>"; };
		801635681D09411100403835 /* Constant.swift */ = {isa = PBXFileReference; fileEncoding = 4; lastKnownFileType = sourcecode.swift; path = Constant.swift; sourceTree = "<group>"; };
		801635691D09411100403835 /* FoodItems.swift */ = {isa = PBXFileReference; fileEncoding = 4; lastKnownFileType = sourcecode.swift; path = FoodItems.swift; sourceTree = "<group>"; };
		8016356A1D09411100403835 /* LoginAlerts.swift */ = {isa = PBXFileReference; fileEncoding = 4; lastKnownFileType = sourcecode.swift; path = LoginAlerts.swift; sourceTree = "<group>"; };
		801635A01D09423200403835 /* Security.framework */ = {isa = PBXFileReference; lastKnownFileType = wrapper.framework; name = Security.framework; path = System/Library/Frameworks/Security.framework; sourceTree = SDKROOT; };
		801635A21D09424000403835 /* QuartzCore.framework */ = {isa = PBXFileReference; lastKnownFileType = wrapper.framework; name = QuartzCore.framework; path = System/Library/Frameworks/QuartzCore.framework; sourceTree = SDKROOT; };
		801635A41D09424A00403835 /* AVFoundation.framework */ = {isa = PBXFileReference; lastKnownFileType = wrapper.framework; name = AVFoundation.framework; path = System/Library/Frameworks/AVFoundation.framework; sourceTree = SDKROOT; };
		801635A61D09425200403835 /* CoreVideo.framework */ = {isa = PBXFileReference; lastKnownFileType = wrapper.framework; name = CoreVideo.framework; path = System/Library/Frameworks/CoreVideo.framework; sourceTree = SDKROOT; };
		801635A81D09425A00403835 /* Accelerate.framework */ = {isa = PBXFileReference; lastKnownFileType = wrapper.framework; name = Accelerate.framework; path = System/Library/Frameworks/Accelerate.framework; sourceTree = SDKROOT; };
		801635AA1D09426500403835 /* CoreMedia.framework */ = {isa = PBXFileReference; lastKnownFileType = wrapper.framework; name = CoreMedia.framework; path = System/Library/Frameworks/CoreMedia.framework; sourceTree = SDKROOT; };
		801635AC1D09426F00403835 /* AudioToolbox.framework */ = {isa = PBXFileReference; lastKnownFileType = wrapper.framework; name = AudioToolbox.framework; path = System/Library/Frameworks/AudioToolbox.framework; sourceTree = SDKROOT; };
		801635AE1D09427900403835 /* CoreData.framework */ = {isa = PBXFileReference; lastKnownFileType = wrapper.framework; name = CoreData.framework; path = System/Library/Frameworks/CoreData.framework; sourceTree = SDKROOT; };
		801635B01D09428400403835 /* CoreLocation.framework */ = {isa = PBXFileReference; lastKnownFileType = wrapper.framework; name = CoreLocation.framework; path = System/Library/Frameworks/CoreLocation.framework; sourceTree = SDKROOT; };
		801635B21D09428F00403835 /* CoreGraphics.framework */ = {isa = PBXFileReference; lastKnownFileType = wrapper.framework; name = CoreGraphics.framework; path = System/Library/Frameworks/CoreGraphics.framework; sourceTree = SDKROOT; };
		801635B41D09429C00403835 /* MobileCoreServices.framework */ = {isa = PBXFileReference; lastKnownFileType = wrapper.framework; name = MobileCoreServices.framework; path = System/Library/Frameworks/MobileCoreServices.framework; sourceTree = SDKROOT; };
		801635B61D0942A500403835 /* SystemConfiguration.framework */ = {isa = PBXFileReference; lastKnownFileType = wrapper.framework; name = SystemConfiguration.framework; path = System/Library/Frameworks/SystemConfiguration.framework; sourceTree = SDKROOT; };
		801635B81D0942AD00403835 /* CFNetwork.framework */ = {isa = PBXFileReference; lastKnownFileType = wrapper.framework; name = CFNetwork.framework; path = System/Library/Frameworks/CFNetwork.framework; sourceTree = SDKROOT; };
		801635BA1D0942C300403835 /* libxml2.2.tbd */ = {isa = PBXFileReference; lastKnownFileType = "sourcecode.text-based-dylib-definition"; name = libxml2.2.tbd; path = usr/lib/libxml2.2.tbd; sourceTree = SDKROOT; };
		801635BC1D0942D000403835 /* libresolv.9.tbd */ = {isa = PBXFileReference; lastKnownFileType = "sourcecode.text-based-dylib-definition"; name = libresolv.9.tbd; path = usr/lib/libresolv.9.tbd; sourceTree = SDKROOT; };
		801635BE1D0942D900403835 /* libz.1.1.3.tbd */ = {isa = PBXFileReference; lastKnownFileType = "sourcecode.text-based-dylib-definition"; name = libz.1.1.3.tbd; path = usr/lib/libz.1.1.3.tbd; sourceTree = SDKROOT; };
		801635C01D09442D00403835 /* Quickblox.framework */ = {isa = PBXFileReference; lastKnownFileType = wrapper.framework; path = Quickblox.framework; sourceTree = "<group>"; };
		801635C11D09442D00403835 /* QuickbloxWebRTC.framework */ = {isa = PBXFileReference; lastKnownFileType = wrapper.framework; path = QuickbloxWebRTC.framework; sourceTree = "<group>"; };
		801636051D09478A00403835 /* Info.plist */ = {isa = PBXFileReference; fileEncoding = 4; lastKnownFileType = text.plist.xml; path = Info.plist; sourceTree = "<group>"; };
		801636071D0947C200403835 /* RetailWorld-Bridging-Header.h */ = {isa = PBXFileReference; lastKnownFileType = sourcecode.c.h; path = "RetailWorld-Bridging-Header.h"; sourceTree = "<group>"; };
		801636081D0947EA00403835 /* GLKit.framework */ = {isa = PBXFileReference; lastKnownFileType = wrapper.framework; name = GLKit.framework; path = System/Library/Frameworks/GLKit.framework; sourceTree = SDKROOT; };
		8016360A1D09481E00403835 /* VideoToolbox.framework */ = {isa = PBXFileReference; lastKnownFileType = wrapper.framework; name = VideoToolbox.framework; path = System/Library/Frameworks/VideoToolbox.framework; sourceTree = SDKROOT; };
		8016360D1D09492600403835 /* Base */ = {isa = PBXFileReference; lastKnownFileType = file.storyboard; name = Base; path = Base.lproj/LaunchScreen.storyboard; sourceTree = "<group>"; };
		8016360F1D09492600403835 /* Base */ = {isa = PBXFileReference; lastKnownFileType = file.storyboard; name = Base; path = Base.lproj/Main.storyboard; sourceTree = "<group>"; };
		801636121D094A2B00403835 /* AppDelegate.swift */ = {isa = PBXFileReference; fileEncoding = 4; lastKnownFileType = sourcecode.swift; path = AppDelegate.swift; sourceTree = "<group>"; };
		8016361E1D09740D00403835 /* Utility.swift */ = {isa = PBXFileReference; fileEncoding = 4; lastKnownFileType = sourcecode.swift; name = Utility.swift; path = HelperObjects/Utility.swift; sourceTree = "<group>"; };
		8033FA981CEC9491000948E2 /* RetailWorld.app */ = {isa = PBXFileReference; explicitFileType = wrapper.application; includeInIndex = 0; path = RetailWorld.app; sourceTree = BUILT_PRODUCTS_DIR; };
		8033FAAC1CEC9491000948E2 /* RetailWorldTests.xctest */ = {isa = PBXFileReference; explicitFileType = wrapper.cfbundle; includeInIndex = 0; path = RetailWorldTests.xctest; sourceTree = BUILT_PRODUCTS_DIR; };
		8033FAB01CEC9491000948E2 /* RetailWorldTests.swift */ = {isa = PBXFileReference; lastKnownFileType = sourcecode.swift; path = RetailWorldTests.swift; sourceTree = "<group>"; };
		8033FAB21CEC9491000948E2 /* Info.plist */ = {isa = PBXFileReference; lastKnownFileType = text.plist.xml; path = Info.plist; sourceTree = "<group>"; };
		807290201D253FE000F927AC /* AdminViewController.swift */ = {isa = PBXFileReference; fileEncoding = 4; lastKnownFileType = sourcecode.swift; path = AdminViewController.swift; sourceTree = "<group>"; };
		80B9702C1D1BAB1800264F12 /* Foundation.framework */ = {isa = PBXFileReference; lastKnownFileType = wrapper.framework; name = Foundation.framework; path = System/Library/Frameworks/Foundation.framework; sourceTree = SDKROOT; };
		80B9702E1D1BABC300264F12 /* UIKit.framework */ = {isa = PBXFileReference; lastKnownFileType = wrapper.framework; name = UIKit.framework; path = System/Library/Frameworks/UIKit.framework; sourceTree = SDKROOT; };
		80C5FC731D20F28F006ACA62 /* Parent.swift */ = {isa = PBXFileReference; fileEncoding = 4; lastKnownFileType = sourcecode.swift; path = Parent.swift; sourceTree = "<group>"; };
		80C7B4921D0A852B002EB678 /* AddToCart.png */ = {isa = PBXFileReference; lastKnownFileType = image.png; path = AddToCart.png; sourceTree = "<group>"; };
		80C7B4931D0A852B002EB678 /* CartSymbol.png */ = {isa = PBXFileReference; lastKnownFileType = image.png; path = CartSymbol.png; sourceTree = "<group>"; };
		80C7B4941D0A852B002EB678 /* Qty.png */ = {isa = PBXFileReference; lastKnownFileType = image.png; path = Qty.png; sourceTree = "<group>"; };
		80CC30E01D1025BD001ACC53 /* Fabric.framework */ = {isa = PBXFileReference; lastKnownFileType = wrapper.framework; path = Fabric.framework; sourceTree = SOURCE_ROOT; };
		80CC30E11D1025BD001ACC53 /* DigitsKit.framework */ = {isa = PBXFileReference; lastKnownFileType = wrapper.framework; path = DigitsKit.framework; sourceTree = SOURCE_ROOT; };
		80CC30E21D1025BD001ACC53 /* DigitsKitResources.bundle */ = {isa = PBXFileReference; lastKnownFileType = "wrapper.plug-in"; name = DigitsKitResources.bundle; path = DigitsKit.framework/Versions/A/Resources/DigitsKitResources.bundle; sourceTree = SOURCE_ROOT; };
		80CC30E31D1025BD001ACC53 /* TwitterCore.framework */ = {isa = PBXFileReference; lastKnownFileType = wrapper.framework; path = TwitterCore.framework; sourceTree = SOURCE_ROOT; };
		80EFC0A71D2B879A00F94CE6 /* AdminItemsViewController.swift */ = {isa = PBXFileReference; fileEncoding = 4; lastKnownFileType = sourcecode.swift; path = AdminItemsViewController.swift; sourceTree = "<group>"; };
		80EFC0A91D2BA3A100F94CE6 /* defaultImage.jpg */ = {isa = PBXFileReference; lastKnownFileType = image.jpeg; path = defaultImage.jpg; sourceTree = "<group>"; };
/* End PBXFileReference section */

/* Begin PBXFrameworksBuildPhase section */
		8033FA951CEC9491000948E2 /* Frameworks */ = {
			isa = PBXFrameworksBuildPhase;
			buildActionMask = 2147483647;
			files = (
				80B9702F1D1BABC300264F12 /* UIKit.framework in Frameworks */,
				80B9702D1D1BAB1800264F12 /* Foundation.framework in Frameworks */,
				8016360B1D09481E00403835 /* VideoToolbox.framework in Frameworks */,
				801636091D0947EA00403835 /* GLKit.framework in Frameworks */,
				801635C31D09442D00403835 /* QuickbloxWebRTC.framework in Frameworks */,
				801635BF1D0942D900403835 /* libz.1.1.3.tbd in Frameworks */,
				801635BD1D0942D000403835 /* libresolv.9.tbd in Frameworks */,
				801635BB1D0942C300403835 /* libxml2.2.tbd in Frameworks */,
				801635B91D0942AD00403835 /* CFNetwork.framework in Frameworks */,
				801635B71D0942A500403835 /* SystemConfiguration.framework in Frameworks */,
				801635B51D09429C00403835 /* MobileCoreServices.framework in Frameworks */,
				801635B31D09428F00403835 /* CoreGraphics.framework in Frameworks */,
				80CC30E71D1025BD001ACC53 /* TwitterCore.framework in Frameworks */,
				801635B11D09428400403835 /* CoreLocation.framework in Frameworks */,
				801635C21D09442D00403835 /* Quickblox.framework in Frameworks */,
				801635AF1D09427900403835 /* CoreData.framework in Frameworks */,
				80CC30E51D1025BD001ACC53 /* DigitsKit.framework in Frameworks */,
				801635AD1D09426F00403835 /* AudioToolbox.framework in Frameworks */,
				80CC30E41D1025BD001ACC53 /* Fabric.framework in Frameworks */,
				801635AB1D09426500403835 /* CoreMedia.framework in Frameworks */,
				801635A91D09425A00403835 /* Accelerate.framework in Frameworks */,
				801635A71D09425200403835 /* CoreVideo.framework in Frameworks */,
				801635A51D09424A00403835 /* AVFoundation.framework in Frameworks */,
				801635A31D09424000403835 /* QuartzCore.framework in Frameworks */,
				801635A11D09423200403835 /* Security.framework in Frameworks */,
			);
			runOnlyForDeploymentPostprocessing = 0;
		};
		8033FAA91CEC9491000948E2 /* Frameworks */ = {
			isa = PBXFrameworksBuildPhase;
			buildActionMask = 2147483647;
			files = (
			);
			runOnlyForDeploymentPostprocessing = 0;
		};
/* End PBXFrameworksBuildPhase section */

/* Begin PBXGroup section */
		8016352F1D09411100403835 /* Controllers */ = {
			isa = PBXGroup;
			children = (
				801635301D09411100403835 /* AccountViewController.swift */,
				801635311D09411100403835 /* CartViewController.swift */,
				801635321D09411100403835 /* FavoritesViewController.swift */,
				801635331D09411100403835 /* FoodViewController.swift */,
				801635341D09411100403835 /* LoginViewController.swift */,
				801635351D09411100403835 /* OfferViewController.swift */,
				801635361D09411100403835 /* RegisterViewController.swift */,
				801635371D09411100403835 /* ResetPasswordViewController.swift */,
				801635381D09411100403835 /* SideBarViewController.swift */,
				807290201D253FE000F927AC /* AdminViewController.swift */,
				80EFC0A71D2B879A00F94CE6 /* AdminItemsViewController.swift */,
			);
			path = Controllers;
			sourceTree = "<group>";
		};
		801635391D09411100403835 /* CustomCells */ = {
			isa = PBXGroup;
			children = (
				8016353A1D09411100403835 /* FoodTableViewCell.swift */,
				8016353B1D09411100403835 /* OfferCollectionViewCell.swift */,
			);
			path = CustomCells;
			sourceTree = "<group>";
		};
		801635431D09411100403835 /* Images */ = {
			isa = PBXGroup;
			children = (
				80EFC0A91D2BA3A100F94CE6 /* defaultImage.jpg */,
				801635441D09411100403835 /* backButton.png */,
				801635451D09411100403835 /* background2.png */,
				801635461D09411100403835 /* Bg.png */,
				801635471D09411100403835 /* bg1.jpg */,
				801635481D09411100403835 /* cart.png */,
				801635491D09411100403835 /* cart_add.png */,
				8016354A1D09411100403835 /* cart_remove.png */,
				8016354B1D09411100403835 /* favorites.png */,
				8016354C1D09411100403835 /* image1.jpeg */,
				8016354D1D09411100403835 /* image10 */,
				8016354E1D09411100403835 /* image11 */,
				8016354F1D09411100403835 /* image2.jpeg */,
				801635501D09411100403835 /* image3.jpeg */,
				80C7B4921D0A852B002EB678 /* AddToCart.png */,
				80C7B4931D0A852B002EB678 /* CartSymbol.png */,
				80C7B4941D0A852B002EB678 /* Qty.png */,
				801635511D09411100403835 /* image4.jpeg */,
				801635521D09411100403835 /* image5 */,
				801635531D09411100403835 /* image5.jpeg */,
				801635541D09411100403835 /* image6 */,
				801635551D09411100403835 /* image6.jpeg */,
				801635571D09411100403835 /* image8 */,
				801635561D09411100403835 /* image7 */,
				801635581D09411100403835 /* image9 */,
				801635591D09411100403835 /* images.jpeg */,
				8016355A1D09411100403835 /* images10.jpeg */,
				8016355B1D09411100403835 /* Launch.png */,
				8016355C1D09411100403835 /* login.png */,
				8016355D1D09411100403835 /* PasswordReset.png */,
				8016355E1D09411100403835 /* photo-frame.png */,
				8016355F1D09411100403835 /* Register.png */,
				801635601D09411100403835 /* ResetMyPasswordBtn.png */,
				801635611D09411100403835 /* reveal-icon@2x.png */,
				801635621D09411100403835 /* Sign In.png */,
			);
			path = Images;
			sourceTree = "<group>";
		};
		801635631D09411100403835 /* Libraries */ = {
			isa = PBXGroup;
			children = (
				801635641D09411100403835 /* SWRevealViewController */,
			);
			path = Libraries;
			sourceTree = "<group>";
		};
		801635641D09411100403835 /* SWRevealViewController */ = {
			isa = PBXGroup;
			children = (
				801635651D09411100403835 /* SWRevealViewController.h */,
				801635661D09411100403835 /* SWRevealViewController.m */,
			);
			path = SWRevealViewController;
			sourceTree = "<group>";
		};
		801635671D09411100403835 /* Model */ = {
			isa = PBXGroup;
			children = (
				801635681D09411100403835 /* Constant.swift */,
				801635691D09411100403835 /* FoodItems.swift */,
				8016356A1D09411100403835 /* LoginAlerts.swift */,
				80C5FC731D20F28F006ACA62 /* Parent.swift */,
			);
			path = Model;
			sourceTree = "<group>";
		};
		8016359F1D0941FD00403835 /* Frameworks */ = {
			isa = PBXGroup;
			children = (
				80B9702E1D1BABC300264F12 /* UIKit.framework */,
				80B9702C1D1BAB1800264F12 /* Foundation.framework */,
				80CC30E01D1025BD001ACC53 /* Fabric.framework */,
				80CC30E11D1025BD001ACC53 /* DigitsKit.framework */,
				80CC30E21D1025BD001ACC53 /* DigitsKitResources.bundle */,
				80CC30E31D1025BD001ACC53 /* TwitterCore.framework */,
				8016360A1D09481E00403835 /* VideoToolbox.framework */,
				801636081D0947EA00403835 /* GLKit.framework */,
				801635C01D09442D00403835 /* Quickblox.framework */,
				801635C11D09442D00403835 /* QuickbloxWebRTC.framework */,
				801635BE1D0942D900403835 /* libz.1.1.3.tbd */,
				801635BC1D0942D000403835 /* libresolv.9.tbd */,
				801635BA1D0942C300403835 /* libxml2.2.tbd */,
				801635B81D0942AD00403835 /* CFNetwork.framework */,
				801635B61D0942A500403835 /* SystemConfiguration.framework */,
				801635B41D09429C00403835 /* MobileCoreServices.framework */,
				801635B21D09428F00403835 /* CoreGraphics.framework */,
				801635B01D09428400403835 /* CoreLocation.framework */,
				801635AE1D09427900403835 /* CoreData.framework */,
				801635AC1D09426F00403835 /* AudioToolbox.framework */,
				801635AA1D09426500403835 /* CoreMedia.framework */,
				801635A81D09425A00403835 /* Accelerate.framework */,
				801635A61D09425200403835 /* CoreVideo.framework */,
				801635A41D09424A00403835 /* AVFoundation.framework */,
				801635A21D09424000403835 /* QuartzCore.framework */,
				801635A01D09423200403835 /* Security.framework */,
			);
			path = Frameworks;
			sourceTree = "<group>";
		};
		801635CA1D09468400403835 /* RetailWorld */ = {
			isa = PBXGroup;
			children = (
				801636121D094A2B00403835 /* AppDelegate.swift */,
				8016360C1D09492600403835 /* LaunchScreen.storyboard */,
				8016360E1D09492600403835 /* Main.storyboard */,
				801636051D09478A00403835 /* Info.plist */,
				801636071D0947C200403835 /* RetailWorld-Bridging-Header.h */,
			);
			path = RetailWorld;
			sourceTree = "<group>";
		};
		8016361D1D09739F00403835 /* HelperObjects */ = {
			isa = PBXGroup;
			children = (
				8016361E1D09740D00403835 /* Utility.swift */,
			);
			name = HelperObjects;
			sourceTree = "<group>";
		};
		8033FA8F1CEC9491000948E2 = {
			isa = PBXGroup;
			children = (
				8016361D1D09739F00403835 /* HelperObjects */,
				801635CA1D09468400403835 /* RetailWorld */,
				8016359F1D0941FD00403835 /* Frameworks */,
				8016352F1D09411100403835 /* Controllers */,
				801635391D09411100403835 /* CustomCells */,
				801635431D09411100403835 /* Images */,
				801635631D09411100403835 /* Libraries */,
				801635671D09411100403835 /* Model */,
				8033FAAF1CEC9491000948E2 /* RetailWorldTests */,
				8033FA991CEC9491000948E2 /* Products */,
			);
			sourceTree = "<group>";
		};
		8033FA991CEC9491000948E2 /* Products */ = {
			isa = PBXGroup;
			children = (
				8033FA981CEC9491000948E2 /* RetailWorld.app */,
				8033FAAC1CEC9491000948E2 /* RetailWorldTests.xctest */,
			);
			name = Products;
			sourceTree = "<group>";
		};
		8033FAAF1CEC9491000948E2 /* RetailWorldTests */ = {
			isa = PBXGroup;
			children = (
				8033FAB01CEC9491000948E2 /* RetailWorldTests.swift */,
				8033FAB21CEC9491000948E2 /* Info.plist */,
			);
			path = RetailWorldTests;
			sourceTree = "<group>";
		};
/* End PBXGroup section */

/* Begin PBXNativeTarget section */
		8033FA971CEC9491000948E2 /* RetailWorld */ = {
			isa = PBXNativeTarget;
			buildConfigurationList = 8033FAB51CEC9491000948E2 /* Build configuration list for PBXNativeTarget "RetailWorld" */;
			buildPhases = (
				8033FA941CEC9491000948E2 /* Sources */,
				8033FA951CEC9491000948E2 /* Frameworks */,
				8033FA961CEC9491000948E2 /* Resources */,
				80D575381CF2D95900E9AF4E /* ShellScript */,
				801636141D094C5400403835 /* ShellScript */,
			);
			buildRules = (
			);
			dependencies = (
			);
			name = RetailWorld;
			productName = RetailWorld;
			productReference = 8033FA981CEC9491000948E2 /* RetailWorld.app */;
			productType = "com.apple.product-type.application";
		};
		8033FAAB1CEC9491000948E2 /* RetailWorldTests */ = {
			isa = PBXNativeTarget;
			buildConfigurationList = 8033FAB81CEC9491000948E2 /* Build configuration list for PBXNativeTarget "RetailWorldTests" */;
			buildPhases = (
				8033FAA81CEC9491000948E2 /* Sources */,
				8033FAA91CEC9491000948E2 /* Frameworks */,
				8033FAAA1CEC9491000948E2 /* Resources */,
			);
			buildRules = (
			);
			dependencies = (
				8033FAAE1CEC9491000948E2 /* PBXTargetDependency */,
			);
			name = RetailWorldTests;
			productName = RetailWorldTests;
			productReference = 8033FAAC1CEC9491000948E2 /* RetailWorldTests.xctest */;
			productType = "com.apple.product-type.bundle.unit-test";
		};
/* End PBXNativeTarget section */

/* Begin PBXProject section */
		8033FA901CEC9491000948E2 /* Project object */ = {
			isa = PBXProject;
			attributes = {
				LastSwiftUpdateCheck = 0730;
				LastUpgradeCheck = 0730;
				ORGANIZATIONNAME = "Vineet Kumar Singh";
				TargetAttributes = {
					8033FA971CEC9491000948E2 = {
						CreatedOnToolsVersion = 7.3;
						DevelopmentTeam = 43L66PNJ7D;
						SystemCapabilities = {
							com.apple.Push = {
								enabled = 1;
							};
						};
					};
					8033FAAB1CEC9491000948E2 = {
						CreatedOnToolsVersion = 7.3;
						DevelopmentTeam = 44XXETDT6W;
						TestTargetID = 8033FA971CEC9491000948E2;
					};
				};
			};
			buildConfigurationList = 8033FA931CEC9491000948E2 /* Build configuration list for PBXProject "RetailWorld" */;
			compatibilityVersion = "Xcode 3.2";
			developmentRegion = English;
			hasScannedForEncodings = 0;
			knownRegions = (
				en,
				Base,
			);
			mainGroup = 8033FA8F1CEC9491000948E2;
			productRefGroup = 8033FA991CEC9491000948E2 /* Products */;
			projectDirPath = "";
			projectRoot = "";
			targets = (
				8033FA971CEC9491000948E2 /* RetailWorld */,
				8033FAAB1CEC9491000948E2 /* RetailWorldTests */,
			);
		};
/* End PBXProject section */

/* Begin PBXResourcesBuildPhase section */
		8033FA961CEC9491000948E2 /* Resources */ = {
			isa = PBXResourcesBuildPhase;
			buildActionMask = 2147483647;
			files = (
				801635801D09411100403835 /* cart.png in Resources */,
				801635811D09411100403835 /* cart_add.png in Resources */,
				8016358A1D09411100403835 /* image5 in Resources */,
				8016357F1D09411100403835 /* bg1.jpg in Resources */,
				801635991D09411100403835 /* reveal-icon@2x.png in Resources */,
				801635851D09411100403835 /* image10 in Resources */,
				801635981D09411100403835 /* ResetMyPasswordBtn.png in Resources */,
				801635911D09411100403835 /* images.jpeg in Resources */,
				8016359A1D09411100403835 /* Sign In.png in Resources */,
				801636101D09492600403835 /* LaunchScreen.storyboard in Resources */,
				801635971D09411100403835 /* Register.png in Resources */,
				8016358F1D09411100403835 /* image8 in Resources */,
				8016358B1D09411100403835 /* image5.jpeg in Resources */,
				801635861D09411100403835 /* image11 in Resources */,
				80CC30E61D1025BD001ACC53 /* DigitsKitResources.bundle in Resources */,
				8016357E1D09411100403835 /* Bg.png in Resources */,
				8016358D1D09411100403835 /* image6.jpeg in Resources */,
				801635891D09411100403835 /* image4.jpeg in Resources */,
				801636061D09478A00403835 /* Info.plist in Resources */,
				80C7B4971D0A852B002EB678 /* Qty.png in Resources */,
				801635931D09411100403835 /* Launch.png in Resources */,
				80EFC0AA1D2BA3A100F94CE6 /* defaultImage.jpg in Resources */,
				801635941D09411100403835 /* login.png in Resources */,
				801635821D09411100403835 /* cart_remove.png in Resources */,
				8016357D1D09411100403835 /* background2.png in Resources */,
				801635871D09411100403835 /* image2.jpeg in Resources */,
				801636111D09492600403835 /* Main.storyboard in Resources */,
				801635841D09411100403835 /* image1.jpeg in Resources */,
				80C7B4961D0A852B002EB678 /* CartSymbol.png in Resources */,
				801635831D09411100403835 /* favorites.png in Resources */,
				8016357C1D09411100403835 /* backButton.png in Resources */,
				801635921D09411100403835 /* images10.jpeg in Resources */,
				801635951D09411100403835 /* PasswordReset.png in Resources */,
				801635901D09411100403835 /* image9 in Resources */,
				8016358E1D09411100403835 /* image7 in Resources */,
				801635881D09411100403835 /* image3.jpeg in Resources */,
				8016358C1D09411100403835 /* image6 in Resources */,
				80C7B4951D0A852B002EB678 /* AddToCart.png in Resources */,
				801635961D09411100403835 /* photo-frame.png in Resources */,
			);
			runOnlyForDeploymentPostprocessing = 0;
		};
		8033FAAA1CEC9491000948E2 /* Resources */ = {
			isa = PBXResourcesBuildPhase;
			buildActionMask = 2147483647;
			files = (
			);
			runOnlyForDeploymentPostprocessing = 0;
		};
/* End PBXResourcesBuildPhase section */

/* Begin PBXShellScriptBuildPhase section */
		801636141D094C5400403835 /* ShellScript */ = {
			isa = PBXShellScriptBuildPhase;
			buildActionMask = 2147483647;
			files = (
			);
			inputPaths = (
			);
			outputPaths = (
			);
			runOnlyForDeploymentPostprocessing = 0;
			shellPath = /bin/sh;
			shellScript = "";
		};
		80D575381CF2D95900E9AF4E /* ShellScript */ = {
			isa = PBXShellScriptBuildPhase;
			buildActionMask = 2147483647;
			files = (
			);
			inputPaths = (
			);
			outputPaths = (
			);
			runOnlyForDeploymentPostprocessing = 0;
			shellPath = /bin/sh;
			shellScript = "

";
		};
/* End PBXShellScriptBuildPhase section */

/* Begin PBXSourcesBuildPhase section */
		8033FA941CEC9491000948E2 /* Sources */ = {
			isa = PBXSourcesBuildPhase;
			buildActionMask = 2147483647;
			files = (
				8016356C1D09411100403835 /* CartViewController.swift in Sources */,
				801635731D09411100403835 /* SideBarViewController.swift in Sources */,
				801635701D09411100403835 /* OfferViewController.swift in Sources */,
				801635711D09411100403835 /* RegisterViewController.swift in Sources */,
				801635721D09411100403835 /* ResetPasswordViewController.swift in Sources */,
				8016356D1D09411100403835 /* FavoritesViewController.swift in Sources */,
				8016359E1D09411100403835 /* LoginAlerts.swift in Sources */,
				801635751D09411100403835 /* OfferCollectionViewCell.swift in Sources */,
				801636131D094A2B00403835 /* AppDelegate.swift in Sources */,
				807290211D253FE000F927AC /* AdminViewController.swift in Sources */,
				8016356E1D09411100403835 /* FoodViewController.swift in Sources */,
				801635741D09411100403835 /* FoodTableViewCell.swift in Sources */,
				8016359C1D09411100403835 /* Constant.swift in Sources */,
				8016356F1D09411100403835 /* LoginViewController.swift in Sources */,
				8016356B1D09411100403835 /* AccountViewController.swift in Sources */,
				8016359D1D09411100403835 /* FoodItems.swift in Sources */,
				8016359B1D09411100403835 /* SWRevealViewController.m in Sources */,
				8016361F1D09740D00403835 /* Utility.swift in Sources */,
				80C5FC741D20F28F006ACA62 /* Parent.swift in Sources */,
				80EFC0A81D2B879A00F94CE6 /* AdminItemsViewController.swift in Sources */,
			);
			runOnlyForDeploymentPostprocessing = 0;
		};
		8033FAA81CEC9491000948E2 /* Sources */ = {
			isa = PBXSourcesBuildPhase;
			buildActionMask = 2147483647;
			files = (
				8033FAB11CEC9491000948E2 /* RetailWorldTests.swift in Sources */,
			);
			runOnlyForDeploymentPostprocessing = 0;
		};
/* End PBXSourcesBuildPhase section */

/* Begin PBXTargetDependency section */
		8033FAAE1CEC9491000948E2 /* PBXTargetDependency */ = {
			isa = PBXTargetDependency;
			target = 8033FA971CEC9491000948E2 /* RetailWorld */;
			targetProxy = 8033FAAD1CEC9491000948E2 /* PBXContainerItemProxy */;
		};
/* End PBXTargetDependency section */

/* Begin PBXVariantGroup section */
		8016360C1D09492600403835 /* LaunchScreen.storyboard */ = {
			isa = PBXVariantGroup;
			children = (
				8016360D1D09492600403835 /* Base */,
			);
			name = LaunchScreen.storyboard;
			sourceTree = "<group>";
		};
		8016360E1D09492600403835 /* Main.storyboard */ = {
			isa = PBXVariantGroup;
			children = (
				8016360F1D09492600403835 /* Base */,
			);
			name = Main.storyboard;
			sourceTree = "<group>";
		};
/* End PBXVariantGroup section */

/* Begin XCBuildConfiguration section */
		8033FAB31CEC9491000948E2 /* Debug */ = {
			isa = XCBuildConfiguration;
			buildSettings = {
				ALWAYS_SEARCH_USER_PATHS = NO;
				CLANG_ANALYZER_NONNULL = YES;
				CLANG_CXX_LANGUAGE_STANDARD = "gnu++0x";
				CLANG_CXX_LIBRARY = "libc++";
				CLANG_ENABLE_MODULES = YES;
				CLANG_ENABLE_OBJC_ARC = YES;
				CLANG_WARN_BOOL_CONVERSION = YES;
				CLANG_WARN_CONSTANT_CONVERSION = YES;
				CLANG_WARN_DIRECT_OBJC_ISA_USAGE = YES_ERROR;
				CLANG_WARN_EMPTY_BODY = YES;
				CLANG_WARN_ENUM_CONVERSION = YES;
				CLANG_WARN_INT_CONVERSION = YES;
				CLANG_WARN_OBJC_ROOT_CLASS = YES_ERROR;
				CLANG_WARN_UNREACHABLE_CODE = YES;
				CLANG_WARN__DUPLICATE_METHOD_MATCH = YES;
				"CODE_SIGN_IDENTITY[sdk=iphoneos*]" = "iPhone Developer";
				COPY_PHASE_STRIP = NO;
				DEBUG_INFORMATION_FORMAT = dwarf;
				ENABLE_STRICT_OBJC_MSGSEND = YES;
				ENABLE_TESTABILITY = YES;
				GCC_C_LANGUAGE_STANDARD = gnu99;
				GCC_DYNAMIC_NO_PIC = NO;
				GCC_NO_COMMON_BLOCKS = YES;
				GCC_OPTIMIZATION_LEVEL = 0;
				GCC_PREPROCESSOR_DEFINITIONS = (
					"DEBUG=1",
					"$(inherited)",
				);
				GCC_WARN_64_TO_32_BIT_CONVERSION = YES;
				GCC_WARN_ABOUT_RETURN_TYPE = YES_ERROR;
				GCC_WARN_UNDECLARED_SELECTOR = YES;
				GCC_WARN_UNINITIALIZED_AUTOS = YES_AGGRESSIVE;
				GCC_WARN_UNUSED_FUNCTION = YES;
				GCC_WARN_UNUSED_VARIABLE = YES;
				IPHONEOS_DEPLOYMENT_TARGET = 7.1;
				MTL_ENABLE_DEBUG_INFO = YES;
				ONLY_ACTIVE_ARCH = YES;
				SDKROOT = iphoneos;
				SWIFT_OPTIMIZATION_LEVEL = "-Onone";
			};
			name = Debug;
		};
		8033FAB41CEC9491000948E2 /* Release */ = {
			isa = XCBuildConfiguration;
			buildSettings = {
				ALWAYS_SEARCH_USER_PATHS = NO;
				CLANG_ANALYZER_NONNULL = YES;
				CLANG_CXX_LANGUAGE_STANDARD = "gnu++0x";
				CLANG_CXX_LIBRARY = "libc++";
				CLANG_ENABLE_MODULES = YES;
				CLANG_ENABLE_OBJC_ARC = YES;
				CLANG_WARN_BOOL_CONVERSION = YES;
				CLANG_WARN_CONSTANT_CONVERSION = YES;
				CLANG_WARN_DIRECT_OBJC_ISA_USAGE = YES_ERROR;
				CLANG_WARN_EMPTY_BODY = YES;
				CLANG_WARN_ENUM_CONVERSION = YES;
				CLANG_WARN_INT_CONVERSION = YES;
				CLANG_WARN_OBJC_ROOT_CLASS = YES_ERROR;
				CLANG_WARN_UNREACHABLE_CODE = YES;
				CLANG_WARN__DUPLICATE_METHOD_MATCH = YES;
				"CODE_SIGN_IDENTITY[sdk=iphoneos*]" = "iPhone Developer";
				COPY_PHASE_STRIP = NO;
				DEBUG_INFORMATION_FORMAT = "dwarf-with-dsym";
				ENABLE_NS_ASSERTIONS = NO;
				ENABLE_STRICT_OBJC_MSGSEND = YES;
				GCC_C_LANGUAGE_STANDARD = gnu99;
				GCC_NO_COMMON_BLOCKS = YES;
				GCC_WARN_64_TO_32_BIT_CONVERSION = YES;
				GCC_WARN_ABOUT_RETURN_TYPE = YES_ERROR;
				GCC_WARN_UNDECLARED_SELECTOR = YES;
				GCC_WARN_UNINITIALIZED_AUTOS = YES_AGGRESSIVE;
				GCC_WARN_UNUSED_FUNCTION = YES;
				GCC_WARN_UNUSED_VARIABLE = YES;
				IPHONEOS_DEPLOYMENT_TARGET = 7.1;
				MTL_ENABLE_DEBUG_INFO = NO;
				SDKROOT = iphoneos;
				VALIDATE_PRODUCT = YES;
			};
			name = Release;
		};
		8033FAB61CEC9491000948E2 /* Debug */ = {
			isa = XCBuildConfiguration;
			buildSettings = {
				CLANG_ENABLE_MODULES = YES;
				CODE_SIGN_IDENTITY = "iPhone Developer";
				"CODE_SIGN_IDENTITY[sdk=iphoneos*]" = "iPhone Developer";
				ENABLE_BITCODE = NO;
				FRAMEWORK_SEARCH_PATHS = (
					"$(inherited)",
					"$(PROJECT_DIR)/RetailWorld/Framework",
					"$(PROJECT_DIR)/Framework",
					"$(PROJECT_DIR)",
					"$(PROJECT_DIR)/Frameworks",
				);
				HEADER_SEARCH_PATHS = " /usr/include/libxml2";
				INFOPLIST_FILE = RetailWorld/Info.plist;
				IPHONEOS_DEPLOYMENT_TARGET = 9.3;
				LD_RUNPATH_SEARCH_PATHS = "$(inherited) @executable_path/Frameworks";
				OTHER_LDFLAGS = (
					"-lstdc++",
					"-lxml2",
					"-ObjC",
				);
				PRODUCT_BUNDLE_IDENTIFIER = com.exilant.retailworld;
				PRODUCT_NAME = "$(TARGET_NAME)";
				PROVISIONING_PROFILE = "";
				SWIFT_OBJC_BRIDGING_HEADER = "RetailWorld/RetailWorld-Bridging-Header.h";
				SWIFT_OPTIMIZATION_LEVEL = "-Onone";
				TARGETED_DEVICE_FAMILY = "1,2";
			};
			name = Debug;
		};
		8033FAB71CEC9491000948E2 /* Release */ = {
			isa = XCBuildConfiguration;
			buildSettings = {
				CLANG_ENABLE_MODULES = YES;
				CODE_SIGN_IDENTITY = "iPhone Developer";
				"CODE_SIGN_IDENTITY[sdk=iphoneos*]" = "iPhone Developer";
				ENABLE_BITCODE = NO;
				FRAMEWORK_SEARCH_PATHS = (
					"$(inherited)",
					"$(PROJECT_DIR)/RetailWorld/Framework",
					"$(PROJECT_DIR)/Framework",
					"$(PROJECT_DIR)",
					"$(PROJECT_DIR)/Frameworks",
				);
				HEADER_SEARCH_PATHS = " /usr/include/libxml2";
				INFOPLIST_FILE = RetailWorld/Info.plist;
				IPHONEOS_DEPLOYMENT_TARGET = 9.3;
				LD_RUNPATH_SEARCH_PATHS = "$(inherited) @executable_path/Frameworks";
				OTHER_LDFLAGS = (
					"-lstdc++",
					"-lxml2",
					"-ObjC",
				);
				PRODUCT_BUNDLE_IDENTIFIER = com.exilant.retailworld;
				PRODUCT_NAME = "$(TARGET_NAME)";
				PROVISIONING_PROFILE = "";
				SWIFT_OBJC_BRIDGING_HEADER = "RetailWorld/RetailWorld-Bridging-Header.h";
				TARGETED_DEVICE_FAMILY = "1,2";
			};
			name = Release;
		};
		8033FAB91CEC9491000948E2 /* Debug */ = {
			isa = XCBuildConfiguration;
			buildSettings = {
				BUNDLE_LOADER = "$(TEST_HOST)";
				INFOPLIST_FILE = RetailWorldTests/Info.plist;
				LD_RUNPATH_SEARCH_PATHS = "$(inherited) @executable_path/Frameworks @loader_path/Frameworks";
				PRODUCT_BUNDLE_IDENTIFIER = com.Exilant.RetailWorldTests;
				PRODUCT_NAME = "$(TARGET_NAME)";
				TEST_HOST = "$(BUILT_PRODUCTS_DIR)/RetailWorld.app/RetailWorld";
			};
			name = Debug;
		};
		8033FABA1CEC9491000948E2 /* Release */ = {
			isa = XCBuildConfiguration;
			buildSettings = {
				BUNDLE_LOADER = "$(TEST_HOST)";
				INFOPLIST_FILE = RetailWorldTests/Info.plist;
				LD_RUNPATH_SEARCH_PATHS = "$(inherited) @executable_path/Frameworks @loader_path/Frameworks";
				PRODUCT_BUNDLE_IDENTIFIER = com.Exilant.RetailWorldTests;
				PRODUCT_NAME = "$(TARGET_NAME)";
				TEST_HOST = "$(BUILT_PRODUCTS_DIR)/RetailWorld.app/RetailWorld";
			};
			name = Release;
		};
/* End XCBuildConfiguration section */

/* Begin XCConfigurationList section */
		8033FA931CEC9491000948E2 /* Build configuration list for PBXProject "RetailWorld" */ = {
			isa = XCConfigurationList;
			buildConfigurations = (
				8033FAB31CEC9491000948E2 /* Debug */,
				8033FAB41CEC9491000948E2 /* Release */,
			);
			defaultConfigurationIsVisible = 0;
			defaultConfigurationName = Release;
		};
		8033FAB51CEC9491000948E2 /* Build configuration list for PBXNativeTarget "RetailWorld" */ = {
			isa = XCConfigurationList;
			buildConfigurations = (
				8033FAB61CEC9491000948E2 /* Debug */,
				8033FAB71CEC9491000948E2 /* Release */,
			);
			defaultConfigurationIsVisible = 0;
			defaultConfigurationName = Release;
		};
		8033FAB81CEC9491000948E2 /* Build configuration list for PBXNativeTarget "RetailWorldTests" */ = {
			isa = XCConfigurationList;
			buildConfigurations = (
				8033FAB91CEC9491000948E2 /* Debug */,
				8033FABA1CEC9491000948E2 /* Release */,
			);
			defaultConfigurationIsVisible = 0;
			defaultConfigurationName = Release;
		};
/* End XCConfigurationList section */
	};
	rootObject = 8033FA901CEC9491000948E2 /* Project object */;
}
